
Microsoft Visual Studio Solution File, Format Version 12.00
# Visual Studio 2013
VisualStudioVersion = 12.0.30723.0
MinimumVisualStudioVersion = 10.0.40219.1
Project("{FAE04EC0-301F-11D3-BF4B-00C04F79EFBC}") = "01. DataContext", "DataContext\01. DataContext.csproj", "{401A5668-E98C-4E9A-87C4-21E87E1E5B12}"
EndProject
Project("{FAE04EC0-301F-11D3-BF4B-00C04F79EFBC}") = "02. BindingToOtherControls", "BindingToOtherControls\02. BindingToOtherControls.csproj", "{C57933D8-5D24-4ACB-86CC-3304A0B1C02B}"
EndProject
Project("{FAE04EC0-301F-11D3-BF4B-00C04F79EFBC}") = "03. ValueConversion", "ValueConversion\03. ValueConversion.csproj", "{A81952E5-5204-491E-B1AE-3E190168F17B}"
EndProject
Global
	GlobalSection(SolutionConfigurationPlatforms) = preSolution
		Debug|Any CPU = Debug|Any CPU
		Debug|ARM = Debug|ARM
		Debug|x64 = Debug|x64
		Debug|x86 = Debug|x86
		Release|Any CPU = Release|Any CPU
		Release|ARM = Release|ARM
		Release|x64 = Release|x64
		Release|x86 = Release|x86
	EndGlobalSection
	GlobalSection(ProjectConfigurationPlatforms) = postSolution
		{401A5668-E98C-4E9A-87C4-21E87E1E5B12}.Debug|Any CPU.ActiveCfg = Debug|Any CPU
		{401A5668-E98C-4E9A-87C4-21E87E1E5B12}.Debug|Any CPU.Build.0 = Debug|Any CPU
		{401A5668-E98C-4E9A-87C4-21E87E1E5B12}.Debug|Any CPU.Deploy.0 = Debug|Any CPU
		{401A5668-E98C-4E9A-87C4-21E87E1E5B12}.Debug|ARM.ActiveCfg = Debug|ARM
		{401A5668-E98C-4E9A-87C4-21E87E1E5B12}.Debug|ARM.Build.0 = Debug|ARM
		{401A5668-E98C-4E9A-87C4-21E87E1E5B12}.Debug|ARM.Deploy.0 = Debug|ARM
		{401A5668-E98C-4E9A-87C4-21E87E1E5B12}.Debug|x64.ActiveCfg = Debug|x64
		{401A5668-E98C-4E9A-87C4-21E87E1E5B12}.Debug|x64.Build.0 = Debug|x64
		{401A5668-E98C-4E9A-87C4-21E87E1E5B12}.Debug|x64.Deploy.0 = Debug|x64
		{401A5668-E98C-4E9A-87C4-21E87E1E5B12}.Debug|x86.ActiveCfg = Debug|x86
		{401A5668-E98C-4E9A-87C4-21E87E1E5B12}.Debug|x86.Build.0 = Debug|x86
		{401A5668-E98C-4E9A-87C4-21E87E1E5B12}.Debug|x86.Deploy.0 = Debug|x86
		{401A5668-E98C-4E9A-87C4-21E87E1E5B12}.Release|Any CPU.ActiveCfg = Release|Any CPU
		{401A5668-E98C-4E9A-87C4-21E87E1E5B12}.Release|Any CPU.Build.0 = Release|Any CPU
		{401A5668-E98C-4E9A-87C4-21E87E1E5B12}.Release|Any CPU.Deploy.0 = Release|Any CPU
		{401A5668-E98C-4E9A-87C4-21E87E1E5B12}.Release|ARM.ActiveCfg = Release|ARM
		{401A5668-E98C-4E9A-87C4-21E87E1E5B12}.Release|ARM.Build.0 = Release|ARM
		{401A5668-E98C-4E9A-87C4-21E87E1E5B12}.Release|ARM.Deploy.0 = Release|ARM
		{401A5668-E98C-4E9A-87C4-21E87E1E5B12}.Release|x64.ActiveCfg = Release|x64
		{401A5668-E98C-4E9A-87C4-21E87E1E5B12}.Release|x64.Build.0 = Release|x64
		{401A5668-E98C-4E9A-87C4-21E87E1E5B12}.Release|x64.Deploy.0 = Release|x64
		{401A5668-E98C-4E9A-87C4-21E87E1E5B12}.Release|x86.ActiveCfg = Release|x86
		{401A5668-E98C-4E9A-87C4-21E87E1E5B12}.Release|x86.Build.0 = Release|x86
		{401A5668-E98C-4E9A-87C4-21E87E1E5B12}.Release|x86.Deploy.0 = Release|x86
		{C57933D8-5D24-4ACB-86CC-3304A0B1C02B}.Debug|Any CPU.ActiveCfg = Debug|Any CPU
		{C57933D8-5D24-4ACB-86CC-3304A0B1C02B}.Debug|Any CPU.Build.0 = Debug|Any CPU
		{C57933D8-5D24-4ACB-86CC-3304A0B1C02B}.Debug|Any CPU.Deploy.0 = Debug|Any CPU
		{C57933D8-5D24-4ACB-86CC-3304A0B1C02B}.Debug|ARM.ActiveCfg = Debug|ARM
		{C57933D8-5D24-4ACB-86CC-3304A0B1C02B}.Debug|ARM.Build.0 = Debug|ARM
		{C57933D8-5D24-4ACB-86CC-3304A0B1C02B}.Debug|ARM.Deploy.0 = Debug|ARM
		{C57933D8-5D24-4ACB-86CC-3304A0B1C02B}.Debug|x64.ActiveCfg = Debug|x64
		{C57933D8-5D24-4ACB-86CC-3304A0B1C02B}.Debug|x64.Build.0 = Debug|x64
		{C57933D8-5D24-4ACB-86CC-3304A0B1C02B}.Debug|x64.Deploy.0 = Debug|x64
		{C57933D8-5D24-4ACB-86CC-3304A0B1C02B}.Debug|x86.ActiveCfg = Debug|x86
		{C57933D8-5D24-4ACB-86CC-3304A0B1C02B}.Debug|x86.Build.0 = Debug|x86
		{C57933D8-5D24-4ACB-86CC-3304A0B1C02B}.Debug|x86.Deploy.0 = Debug|x86
		{C57933D8-5D24-4ACB-86CC-3304A0B1C02B}.Release|Any CPU.ActiveCfg = Release|Any CPU
		{C57933D8-5D24-4ACB-86CC-3304A0B1C02B}.Release|Any CPU.Build.0 = Release|Any CPU
		{C57933D8-5D24-4ACB-86CC-3304A0B1C02B}.Release|Any CPU.Deploy.0 = Release|Any CPU
		{C57933D8-5D24-4ACB-86CC-3304A0B1C02B}.Release|ARM.ActiveCfg = Release|ARM
		{C57933D8-5D24-4ACB-86CC-3304A0B1C02B}.Release|ARM.Build.0 = Release|ARM
		{C57933D8-5D24-4ACB-86CC-3304A0B1C02B}.Release|ARM.Deploy.0 = Release|ARM
		{C57933D8-5D24-4ACB-86CC-3304A0B1C02B}.Release|x64.ActiveCfg = Release|x64
		{C57933D8-5D24-4ACB-86CC-3304A0B1C02B}.Release|x64.Build.0 = Release|x64
		{C57933D8-5D24-4ACB-86CC-3304A0B1C02B}.Release|x64.Deploy.0 = Release|x64
		{C57933D8-5D24-4ACB-86CC-3304A0B1C02B}.Release|x86.ActiveCfg = Release|x86
		{C57933D8-5D24-4ACB-86CC-3304A0B1C02B}.Release|x86.Build.0 = Release|x86
		{C57933D8-5D24-4ACB-86CC-3304A0B1C02B}.Release|x86.Deploy.0 = Release|x86
		{A81952E5-5204-491E-B1AE-3E190168F17B}.Debug|Any CPU.ActiveCfg = Debug|Any CPU
		{A81952E5-5204-491E-B1AE-3E190168F17B}.Debug|Any CPU.Build.0 = Debug|Any CPU
		{A81952E5-5204-491E-B1AE-3E190168F17B}.Debug|Any CPU.Deploy.0 = Debug|Any CPU
		{A81952E5-5204-491E-B1AE-3E190168F17B}.Debug|ARM.ActiveCfg = Debug|ARM
		{A81952E5-5204-491E-B1AE-3E190168F17B}.Debug|ARM.Build.0 = Debug|ARM
		{A81952E5-5204-491E-B1AE-3E190168F17B}.Debug|ARM.Deploy.0 = Debug|ARM
		{A81952E5-5204-491E-B1AE-3E190168F17B}.Debug|x64.ActiveCfg = Debug|x64
		{A81952E5-5204-491E-B1AE-3E190168F17B}.Debug|x64.Build.0 = Debug|x64
		{A81952E5-5204-491E-B1AE-3E190168F17B}.Debug|x64.Deploy.0 = Debug|x64
		{A81952E5-5204-491E-B1AE-3E190168F17B}.Debug|x86.ActiveCfg = Debug|x86
		{A81952E5-5204-491E-B1AE-3E190168F17B}.Debug|x86.Build.0 = Debug|x86
		{A81952E5-5204-491E-B1AE-3E190168F17B}.Debug|x86.Deploy.0 = Debug|x86
		{A81952E5-5204-491E-B1AE-3E190168F17B}.Release|Any CPU.ActiveCfg = Release|Any CPU
		{A81952E5-5204-491E-B1AE-3E190168F17B}.Release|Any CPU.Build.0 = Release|Any CPU
		{A81952E5-5204-491E-B1AE-3E190168F17B}.Release|Any CPU.Deploy.0 = Release|Any CPU
		{A81952E5-5204-491E-B1AE-3E190168F17B}.Release|ARM.ActiveCfg = Release|ARM
		{A81952E5-5204-491E-B1AE-3E190168F17B}.Release|ARM.Build.0 = Release|ARM
		{A81952E5-5204-491E-B1AE-3E190168F17B}.Release|ARM.Deploy.0 = Release|ARM
		{A81952E5-5204-491E-B1AE-3E190168F17B}.Release|x64.ActiveCfg = Release|x64
		{A81952E5-5204-491E-B1AE-3E190168F17B}.Release|x64.Build.0 = Release|x64
		{A81952E5-5204-491E-B1AE-3E190168F17B}.Release|x64.Deploy.0 = Release|x64
		{A81952E5-5204-491E-B1AE-3E190168F17B}.Release|x86.ActiveCfg = Release|x86
		{A81952E5-5204-491E-B1AE-3E190168F17B}.Release|x86.Build.0 = Release|x86
		{A81952E5-5204-491E-B1AE-3E190168F17B}.Release|x86.Deploy.0 = Release|x86
	EndGlobalSection
	GlobalSection(SolutionProperties) = preSolution
		HideSolutionNode = FALSE
	EndGlobalSection
EndGlobal
