
Microsoft Visual Studio Solution File, Format Version 12.00
# Visual Studio 2013
VisualStudioVersion = 12.0.30723.0
MinimumVisualStudioVersion = 10.0.40219.1
Project("{2150E333-8FDC-42A3-9474-1A3956D46DE8}") = "Demo", "Demo", "{A62AFE4A-13DD-4AD1-AB00-6025711A1F83}"
EndProject
Project("{D954291E-2A0B-460D-934E-DC6B0785DB48}") = "Demo.Shared", "Demo\Demo.Shared\Demo.Shared.shproj", "{583E7A18-E399-4663-B682-A54F379C2739}"
EndProject
Project("{FAE04EC0-301F-11D3-BF4B-00C04F79EFBC}") = "Demo.Windows", "Demo\Demo.Windows\Demo.Windows.csproj", "{21871A2C-9CCA-4DDC-BDBC-3977658BB7C5}"
EndProject
Project("{FAE04EC0-301F-11D3-BF4B-00C04F79EFBC}") = "Demo.WindowsPhone", "Demo\Demo.WindowsPhone\Demo.WindowsPhone.csproj", "{05A7A968-6299-4321-BF09-2C8FA90EF14B}"
EndProject
Global
	GlobalSection(SharedMSBuildProjectFiles) = preSolution
		Demo\Demo.Shared\Demo.Shared.projitems*{21871a2c-9cca-4ddc-bdbc-3977658bb7c5}*SharedItemsImports = 4
		Demo\Demo.Shared\Demo.Shared.projitems*{583e7a18-e399-4663-b682-a54f379c2739}*SharedItemsImports = 13
		Demo\Demo.Shared\Demo.Shared.projitems*{05a7a968-6299-4321-bf09-2c8fa90ef14b}*SharedItemsImports = 4
	EndGlobalSection
	GlobalSection(SolutionConfigurationPlatforms) = preSolution
		Debug|Any CPU = Debug|Any CPU
		Debug|ARM = Debug|ARM
		Debug|x64 = Debug|x64
		Debug|x86 = Debug|x86
		Release|Any CPU = Release|Any CPU
		Release|ARM = Release|ARM
		Release|x64 = Release|x64
		Release|x86 = Release|x86
	EndGlobalSection
	GlobalSection(ProjectConfigurationPlatforms) = postSolution
		{21871A2C-9CCA-4DDC-BDBC-3977658BB7C5}.Debug|Any CPU.ActiveCfg = Debug|Any CPU
		{21871A2C-9CCA-4DDC-BDBC-3977658BB7C5}.Debug|Any CPU.Build.0 = Debug|Any CPU
		{21871A2C-9CCA-4DDC-BDBC-3977658BB7C5}.Debug|Any CPU.Deploy.0 = Debug|Any CPU
		{21871A2C-9CCA-4DDC-BDBC-3977658BB7C5}.Debug|ARM.ActiveCfg = Debug|ARM
		{21871A2C-9CCA-4DDC-BDBC-3977658BB7C5}.Debug|ARM.Build.0 = Debug|ARM
		{21871A2C-9CCA-4DDC-BDBC-3977658BB7C5}.Debug|ARM.Deploy.0 = Debug|ARM
		{21871A2C-9CCA-4DDC-BDBC-3977658BB7C5}.Debug|x64.ActiveCfg = Debug|x64
		{21871A2C-9CCA-4DDC-BDBC-3977658BB7C5}.Debug|x64.Build.0 = Debug|x64
		{21871A2C-9CCA-4DDC-BDBC-3977658BB7C5}.Debug|x64.Deploy.0 = Debug|x64
		{21871A2C-9CCA-4DDC-BDBC-3977658BB7C5}.Debug|x86.ActiveCfg = Debug|x86
		{21871A2C-9CCA-4DDC-BDBC-3977658BB7C5}.Debug|x86.Build.0 = Debug|x86
		{21871A2C-9CCA-4DDC-BDBC-3977658BB7C5}.Debug|x86.Deploy.0 = Debug|x86
		{21871A2C-9CCA-4DDC-BDBC-3977658BB7C5}.Release|Any CPU.ActiveCfg = Release|Any CPU
		{21871A2C-9CCA-4DDC-BDBC-3977658BB7C5}.Release|Any CPU.Build.0 = Release|Any CPU
		{21871A2C-9CCA-4DDC-BDBC-3977658BB7C5}.Release|Any CPU.Deploy.0 = Release|Any CPU
		{21871A2C-9CCA-4DDC-BDBC-3977658BB7C5}.Release|ARM.ActiveCfg = Release|ARM
		{21871A2C-9CCA-4DDC-BDBC-3977658BB7C5}.Release|ARM.Build.0 = Release|ARM
		{21871A2C-9CCA-4DDC-BDBC-3977658BB7C5}.Release|ARM.Deploy.0 = Release|ARM
		{21871A2C-9CCA-4DDC-BDBC-3977658BB7C5}.Release|x64.ActiveCfg = Release|x64
		{21871A2C-9CCA-4DDC-BDBC-3977658BB7C5}.Release|x64.Build.0 = Release|x64
		{21871A2C-9CCA-4DDC-BDBC-3977658BB7C5}.Release|x64.Deploy.0 = Release|x64
		{21871A2C-9CCA-4DDC-BDBC-3977658BB7C5}.Release|x86.ActiveCfg = Release|x86
		{21871A2C-9CCA-4DDC-BDBC-3977658BB7C5}.Release|x86.Build.0 = Release|x86
		{21871A2C-9CCA-4DDC-BDBC-3977658BB7C5}.Release|x86.Deploy.0 = Release|x86
		{05A7A968-6299-4321-BF09-2C8FA90EF14B}.Debug|Any CPU.ActiveCfg = Debug|Any CPU
		{05A7A968-6299-4321-BF09-2C8FA90EF14B}.Debug|Any CPU.Build.0 = Debug|Any CPU
		{05A7A968-6299-4321-BF09-2C8FA90EF14B}.Debug|Any CPU.Deploy.0 = Debug|Any CPU
		{05A7A968-6299-4321-BF09-2C8FA90EF14B}.Debug|ARM.ActiveCfg = Debug|ARM
		{05A7A968-6299-4321-BF09-2C8FA90EF14B}.Debug|ARM.Build.0 = Debug|ARM
		{05A7A968-6299-4321-BF09-2C8FA90EF14B}.Debug|ARM.Deploy.0 = Debug|ARM
		{05A7A968-6299-4321-BF09-2C8FA90EF14B}.Debug|x64.ActiveCfg = Debug|Any CPU
		{05A7A968-6299-4321-BF09-2C8FA90EF14B}.Debug|x86.ActiveCfg = Debug|x86
		{05A7A968-6299-4321-BF09-2C8FA90EF14B}.Debug|x86.Build.0 = Debug|x86
		{05A7A968-6299-4321-BF09-2C8FA90EF14B}.Debug|x86.Deploy.0 = Debug|x86
		{05A7A968-6299-4321-BF09-2C8FA90EF14B}.Release|Any CPU.ActiveCfg = Release|Any CPU
		{05A7A968-6299-4321-BF09-2C8FA90EF14B}.Release|Any CPU.Build.0 = Release|Any CPU
		{05A7A968-6299-4321-BF09-2C8FA90EF14B}.Release|Any CPU.Deploy.0 = Release|Any CPU
		{05A7A968-6299-4321-BF09-2C8FA90EF14B}.Release|ARM.ActiveCfg = Release|ARM
		{05A7A968-6299-4321-BF09-2C8FA90EF14B}.Release|ARM.Build.0 = Release|ARM
		{05A7A968-6299-4321-BF09-2C8FA90EF14B}.Release|ARM.Deploy.0 = Release|ARM
		{05A7A968-6299-4321-BF09-2C8FA90EF14B}.Release|x64.ActiveCfg = Release|Any CPU
		{05A7A968-6299-4321-BF09-2C8FA90EF14B}.Release|x86.ActiveCfg = Release|x86
		{05A7A968-6299-4321-BF09-2C8FA90EF14B}.Release|x86.Build.0 = Release|x86
		{05A7A968-6299-4321-BF09-2C8FA90EF14B}.Release|x86.Deploy.0 = Release|x86
	EndGlobalSection
	GlobalSection(SolutionProperties) = preSolution
		HideSolutionNode = FALSE
	EndGlobalSection
	GlobalSection(NestedProjects) = preSolution
		{583E7A18-E399-4663-B682-A54F379C2739} = {A62AFE4A-13DD-4AD1-AB00-6025711A1F83}
		{21871A2C-9CCA-4DDC-BDBC-3977658BB7C5} = {A62AFE4A-13DD-4AD1-AB00-6025711A1F83}
		{05A7A968-6299-4321-BF09-2C8FA90EF14B} = {A62AFE4A-13DD-4AD1-AB00-6025711A1F83}
	EndGlobalSection
EndGlobal
