
Microsoft Visual Studio Solution File, Format Version 12.00
# Visual Studio 2013
VisualStudioVersion = 12.0.30723.0
MinimumVisualStudioVersion = 10.0.40219.1
Project("{2150E333-8FDC-42A3-9474-1A3956D46DE8}") = "ManualNavigation", "ManualNavigation", "{4CFEB64F-C41E-4C5E-98E8-F33F1EB65692}"
EndProject
Project("{D954291E-2A0B-460D-934E-DC6B0785DB48}") = "ManualNavigation.Shared", "ManualNavigation\ManualNavigation.Shared\ManualNavigation.Shared.shproj", "{D8EA8337-45CA-466D-8657-D2AD82922833}"
EndProject
Project("{FAE04EC0-301F-11D3-BF4B-00C04F79EFBC}") = "ManualNavigation.Windows", "ManualNavigation\ManualNavigation.Windows\ManualNavigation.Windows.csproj", "{4AE8EBBA-987A-4492-89BD-4E8352C65F6D}"
EndProject
Project("{FAE04EC0-301F-11D3-BF4B-00C04F79EFBC}") = "ManualNavigation.WindowsPhone", "ManualNavigation\ManualNavigation.WindowsPhone\ManualNavigation.WindowsPhone.csproj", "{A9D518E7-E3E9-4694-99AB-F1B3A2D5320B}"
EndProject
Global
	GlobalSection(SharedMSBuildProjectFiles) = preSolution
		ManualNavigation\ManualNavigation.Shared\ManualNavigation.Shared.projitems*{4ae8ebba-987a-4492-89bd-4e8352c65f6d}*SharedItemsImports = 4
		ManualNavigation\ManualNavigation.Shared\ManualNavigation.Shared.projitems*{a9d518e7-e3e9-4694-99ab-f1b3a2d5320b}*SharedItemsImports = 4
		ManualNavigation\ManualNavigation.Shared\ManualNavigation.Shared.projitems*{d8ea8337-45ca-466d-8657-d2ad82922833}*SharedItemsImports = 13
	EndGlobalSection
	GlobalSection(SolutionConfigurationPlatforms) = preSolution
		Debug|Any CPU = Debug|Any CPU
		Debug|ARM = Debug|ARM
		Debug|x64 = Debug|x64
		Debug|x86 = Debug|x86
		Release|Any CPU = Release|Any CPU
		Release|ARM = Release|ARM
		Release|x64 = Release|x64
		Release|x86 = Release|x86
	EndGlobalSection
	GlobalSection(ProjectConfigurationPlatforms) = postSolution
		{4AE8EBBA-987A-4492-89BD-4E8352C65F6D}.Debug|Any CPU.ActiveCfg = Debug|Any CPU
		{4AE8EBBA-987A-4492-89BD-4E8352C65F6D}.Debug|Any CPU.Build.0 = Debug|Any CPU
		{4AE8EBBA-987A-4492-89BD-4E8352C65F6D}.Debug|Any CPU.Deploy.0 = Debug|Any CPU
		{4AE8EBBA-987A-4492-89BD-4E8352C65F6D}.Debug|ARM.ActiveCfg = Debug|ARM
		{4AE8EBBA-987A-4492-89BD-4E8352C65F6D}.Debug|ARM.Build.0 = Debug|ARM
		{4AE8EBBA-987A-4492-89BD-4E8352C65F6D}.Debug|ARM.Deploy.0 = Debug|ARM
		{4AE8EBBA-987A-4492-89BD-4E8352C65F6D}.Debug|x64.ActiveCfg = Debug|x64
		{4AE8EBBA-987A-4492-89BD-4E8352C65F6D}.Debug|x64.Build.0 = Debug|x64
		{4AE8EBBA-987A-4492-89BD-4E8352C65F6D}.Debug|x64.Deploy.0 = Debug|x64
		{4AE8EBBA-987A-4492-89BD-4E8352C65F6D}.Debug|x86.ActiveCfg = Debug|x86
		{4AE8EBBA-987A-4492-89BD-4E8352C65F6D}.Debug|x86.Build.0 = Debug|x86
		{4AE8EBBA-987A-4492-89BD-4E8352C65F6D}.Debug|x86.Deploy.0 = Debug|x86
		{4AE8EBBA-987A-4492-89BD-4E8352C65F6D}.Release|Any CPU.ActiveCfg = Release|Any CPU
		{4AE8EBBA-987A-4492-89BD-4E8352C65F6D}.Release|Any CPU.Build.0 = Release|Any CPU
		{4AE8EBBA-987A-4492-89BD-4E8352C65F6D}.Release|Any CPU.Deploy.0 = Release|Any CPU
		{4AE8EBBA-987A-4492-89BD-4E8352C65F6D}.Release|ARM.ActiveCfg = Release|ARM
		{4AE8EBBA-987A-4492-89BD-4E8352C65F6D}.Release|ARM.Build.0 = Release|ARM
		{4AE8EBBA-987A-4492-89BD-4E8352C65F6D}.Release|ARM.Deploy.0 = Release|ARM
		{4AE8EBBA-987A-4492-89BD-4E8352C65F6D}.Release|x64.ActiveCfg = Release|x64
		{4AE8EBBA-987A-4492-89BD-4E8352C65F6D}.Release|x64.Build.0 = Release|x64
		{4AE8EBBA-987A-4492-89BD-4E8352C65F6D}.Release|x64.Deploy.0 = Release|x64
		{4AE8EBBA-987A-4492-89BD-4E8352C65F6D}.Release|x86.ActiveCfg = Release|x86
		{4AE8EBBA-987A-4492-89BD-4E8352C65F6D}.Release|x86.Build.0 = Release|x86
		{4AE8EBBA-987A-4492-89BD-4E8352C65F6D}.Release|x86.Deploy.0 = Release|x86
		{A9D518E7-E3E9-4694-99AB-F1B3A2D5320B}.Debug|Any CPU.ActiveCfg = Debug|Any CPU
		{A9D518E7-E3E9-4694-99AB-F1B3A2D5320B}.Debug|Any CPU.Build.0 = Debug|Any CPU
		{A9D518E7-E3E9-4694-99AB-F1B3A2D5320B}.Debug|Any CPU.Deploy.0 = Debug|Any CPU
		{A9D518E7-E3E9-4694-99AB-F1B3A2D5320B}.Debug|ARM.ActiveCfg = Debug|ARM
		{A9D518E7-E3E9-4694-99AB-F1B3A2D5320B}.Debug|ARM.Build.0 = Debug|ARM
		{A9D518E7-E3E9-4694-99AB-F1B3A2D5320B}.Debug|ARM.Deploy.0 = Debug|ARM
		{A9D518E7-E3E9-4694-99AB-F1B3A2D5320B}.Debug|x64.ActiveCfg = Debug|Any CPU
		{A9D518E7-E3E9-4694-99AB-F1B3A2D5320B}.Debug|x86.ActiveCfg = Debug|x86
		{A9D518E7-E3E9-4694-99AB-F1B3A2D5320B}.Debug|x86.Build.0 = Debug|x86
		{A9D518E7-E3E9-4694-99AB-F1B3A2D5320B}.Debug|x86.Deploy.0 = Debug|x86
		{A9D518E7-E3E9-4694-99AB-F1B3A2D5320B}.Release|Any CPU.ActiveCfg = Release|Any CPU
		{A9D518E7-E3E9-4694-99AB-F1B3A2D5320B}.Release|Any CPU.Build.0 = Release|Any CPU
		{A9D518E7-E3E9-4694-99AB-F1B3A2D5320B}.Release|Any CPU.Deploy.0 = Release|Any CPU
		{A9D518E7-E3E9-4694-99AB-F1B3A2D5320B}.Release|ARM.ActiveCfg = Release|ARM
		{A9D518E7-E3E9-4694-99AB-F1B3A2D5320B}.Release|ARM.Build.0 = Release|ARM
		{A9D518E7-E3E9-4694-99AB-F1B3A2D5320B}.Release|ARM.Deploy.0 = Release|ARM
		{A9D518E7-E3E9-4694-99AB-F1B3A2D5320B}.Release|x64.ActiveCfg = Release|Any CPU
		{A9D518E7-E3E9-4694-99AB-F1B3A2D5320B}.Release|x86.ActiveCfg = Release|x86
		{A9D518E7-E3E9-4694-99AB-F1B3A2D5320B}.Release|x86.Build.0 = Release|x86
		{A9D518E7-E3E9-4694-99AB-F1B3A2D5320B}.Release|x86.Deploy.0 = Release|x86
	EndGlobalSection
	GlobalSection(SolutionProperties) = preSolution
		HideSolutionNode = FALSE
	EndGlobalSection
	GlobalSection(NestedProjects) = preSolution
		{D8EA8337-45CA-466D-8657-D2AD82922833} = {4CFEB64F-C41E-4C5E-98E8-F33F1EB65692}
		{4AE8EBBA-987A-4492-89BD-4E8352C65F6D} = {4CFEB64F-C41E-4C5E-98E8-F33F1EB65692}
		{A9D518E7-E3E9-4694-99AB-F1B3A2D5320B} = {4CFEB64F-C41E-4C5E-98E8-F33F1EB65692}
	EndGlobalSection
EndGlobal
