
Microsoft Visual Studio Solution File, Format Version 12.00
# Visual Studio 2013
VisualStudioVersion = 12.0.30723.0
MinimumVisualStudioVersion = 10.0.40219.1
Project("{FAE04EC0-301F-11D3-BF4B-00C04F79EFBC}") = "Demo", "Demo\Demo.csproj", "{AF311145-DB25-4DEF-8DD6-F5C9731706D6}"
EndProject
Project("{FAE04EC0-301F-11D3-BF4B-00C04F79EFBC}") = "03.RichEditBox", "RichEditBox\03.RichEditBox.csproj", "{F6DA92E2-E535-4736-B3AF-33BECC7B8D00}"
EndProject
Project("{FAE04EC0-301F-11D3-BF4B-00C04F79EFBC}") = "01.TextBox", "TextBox\01.TextBox.csproj", "{EC7AA493-6AB7-483B-877D-F6735E010906}"
EndProject
Project("{FAE04EC0-301F-11D3-BF4B-00C04F79EFBC}") = "02.TextBlock", "TextBlock\02.TextBlock.csproj", "{49AF148D-369E-4C1F-AF3A-C4D56EE39902}"
EndProject
Project("{FAE04EC0-301F-11D3-BF4B-00C04F79EFBC}") = "04.ToggleBotton", "ToggleBotton\04.ToggleBotton.csproj", "{323B9F94-6438-47FB-BE13-64F463649BC7}"
EndProject
Project("{FAE04EC0-301F-11D3-BF4B-00C04F79EFBC}") = "05.RadioButtons", "RadioButton\05.RadioButtons.csproj", "{3DA794AF-A15A-4A54-86DF-26FB9FBF1813}"
EndProject
Project("{FAE04EC0-301F-11D3-BF4B-00C04F79EFBC}") = "06.ComboBox", "ComboBox\06.ComboBox.csproj", "{8A4100F3-3345-4FB2-8F1B-00A229A72E11}"
EndProject
Project("{FAE04EC0-301F-11D3-BF4B-00C04F79EFBC}") = "08.GridView", "GridView\08.GridView.csproj", "{7408F8C4-014C-414B-9733-A65BF9A9E09D}"
EndProject
Project("{FAE04EC0-301F-11D3-BF4B-00C04F79EFBC}") = "07.ListView", "ListView\07.ListView.csproj", "{5A21D1A5-7327-4AD1-8AEA-FE7063168A16}"
EndProject
Project("{FAE04EC0-301F-11D3-BF4B-00C04F79EFBC}") = "09.AppBars", "AppBars\09.AppBars.csproj", "{DFAA54D5-0F9C-46B6-B6EF-D2965977DEC9}"
EndProject
Project("{FAE04EC0-301F-11D3-BF4B-00C04F79EFBC}") = "10.ContextMenu", "ContextMenu\10.ContextMenu.csproj", "{D586AB7C-621A-45F5-9D79-B503EBD3BAB3}"
EndProject
Project("{FAE04EC0-301F-11D3-BF4B-00C04F79EFBC}") = "11.ProgressBar", "ProgressBar\11.ProgressBar.csproj", "{601884DD-467F-4847-8A77-B91DC0F73921}"
EndProject
Global
	GlobalSection(SolutionConfigurationPlatforms) = preSolution
		Debug|Any CPU = Debug|Any CPU
		Debug|ARM = Debug|ARM
		Debug|x64 = Debug|x64
		Debug|x86 = Debug|x86
		Release|Any CPU = Release|Any CPU
		Release|ARM = Release|ARM
		Release|x64 = Release|x64
		Release|x86 = Release|x86
	EndGlobalSection
	GlobalSection(ProjectConfigurationPlatforms) = postSolution
		{AF311145-DB25-4DEF-8DD6-F5C9731706D6}.Debug|Any CPU.ActiveCfg = Debug|Any CPU
		{AF311145-DB25-4DEF-8DD6-F5C9731706D6}.Debug|Any CPU.Build.0 = Debug|Any CPU
		{AF311145-DB25-4DEF-8DD6-F5C9731706D6}.Debug|Any CPU.Deploy.0 = Debug|Any CPU
		{AF311145-DB25-4DEF-8DD6-F5C9731706D6}.Debug|ARM.ActiveCfg = Debug|ARM
		{AF311145-DB25-4DEF-8DD6-F5C9731706D6}.Debug|ARM.Build.0 = Debug|ARM
		{AF311145-DB25-4DEF-8DD6-F5C9731706D6}.Debug|ARM.Deploy.0 = Debug|ARM
		{AF311145-DB25-4DEF-8DD6-F5C9731706D6}.Debug|x64.ActiveCfg = Debug|x64
		{AF311145-DB25-4DEF-8DD6-F5C9731706D6}.Debug|x64.Build.0 = Debug|x64
		{AF311145-DB25-4DEF-8DD6-F5C9731706D6}.Debug|x64.Deploy.0 = Debug|x64
		{AF311145-DB25-4DEF-8DD6-F5C9731706D6}.Debug|x86.ActiveCfg = Debug|x86
		{AF311145-DB25-4DEF-8DD6-F5C9731706D6}.Debug|x86.Build.0 = Debug|x86
		{AF311145-DB25-4DEF-8DD6-F5C9731706D6}.Debug|x86.Deploy.0 = Debug|x86
		{AF311145-DB25-4DEF-8DD6-F5C9731706D6}.Release|Any CPU.ActiveCfg = Release|Any CPU
		{AF311145-DB25-4DEF-8DD6-F5C9731706D6}.Release|Any CPU.Build.0 = Release|Any CPU
		{AF311145-DB25-4DEF-8DD6-F5C9731706D6}.Release|Any CPU.Deploy.0 = Release|Any CPU
		{AF311145-DB25-4DEF-8DD6-F5C9731706D6}.Release|ARM.ActiveCfg = Release|ARM
		{AF311145-DB25-4DEF-8DD6-F5C9731706D6}.Release|ARM.Build.0 = Release|ARM
		{AF311145-DB25-4DEF-8DD6-F5C9731706D6}.Release|ARM.Deploy.0 = Release|ARM
		{AF311145-DB25-4DEF-8DD6-F5C9731706D6}.Release|x64.ActiveCfg = Release|x64
		{AF311145-DB25-4DEF-8DD6-F5C9731706D6}.Release|x64.Build.0 = Release|x64
		{AF311145-DB25-4DEF-8DD6-F5C9731706D6}.Release|x64.Deploy.0 = Release|x64
		{AF311145-DB25-4DEF-8DD6-F5C9731706D6}.Release|x86.ActiveCfg = Release|x86
		{AF311145-DB25-4DEF-8DD6-F5C9731706D6}.Release|x86.Build.0 = Release|x86
		{AF311145-DB25-4DEF-8DD6-F5C9731706D6}.Release|x86.Deploy.0 = Release|x86
		{F6DA92E2-E535-4736-B3AF-33BECC7B8D00}.Debug|Any CPU.ActiveCfg = Debug|Any CPU
		{F6DA92E2-E535-4736-B3AF-33BECC7B8D00}.Debug|Any CPU.Build.0 = Debug|Any CPU
		{F6DA92E2-E535-4736-B3AF-33BECC7B8D00}.Debug|Any CPU.Deploy.0 = Debug|Any CPU
		{F6DA92E2-E535-4736-B3AF-33BECC7B8D00}.Debug|ARM.ActiveCfg = Debug|ARM
		{F6DA92E2-E535-4736-B3AF-33BECC7B8D00}.Debug|ARM.Build.0 = Debug|ARM
		{F6DA92E2-E535-4736-B3AF-33BECC7B8D00}.Debug|ARM.Deploy.0 = Debug|ARM
		{F6DA92E2-E535-4736-B3AF-33BECC7B8D00}.Debug|x64.ActiveCfg = Debug|x64
		{F6DA92E2-E535-4736-B3AF-33BECC7B8D00}.Debug|x64.Build.0 = Debug|x64
		{F6DA92E2-E535-4736-B3AF-33BECC7B8D00}.Debug|x64.Deploy.0 = Debug|x64
		{F6DA92E2-E535-4736-B3AF-33BECC7B8D00}.Debug|x86.ActiveCfg = Debug|x86
		{F6DA92E2-E535-4736-B3AF-33BECC7B8D00}.Debug|x86.Build.0 = Debug|x86
		{F6DA92E2-E535-4736-B3AF-33BECC7B8D00}.Debug|x86.Deploy.0 = Debug|x86
		{F6DA92E2-E535-4736-B3AF-33BECC7B8D00}.Release|Any CPU.ActiveCfg = Release|Any CPU
		{F6DA92E2-E535-4736-B3AF-33BECC7B8D00}.Release|Any CPU.Build.0 = Release|Any CPU
		{F6DA92E2-E535-4736-B3AF-33BECC7B8D00}.Release|Any CPU.Deploy.0 = Release|Any CPU
		{F6DA92E2-E535-4736-B3AF-33BECC7B8D00}.Release|ARM.ActiveCfg = Release|ARM
		{F6DA92E2-E535-4736-B3AF-33BECC7B8D00}.Release|ARM.Build.0 = Release|ARM
		{F6DA92E2-E535-4736-B3AF-33BECC7B8D00}.Release|ARM.Deploy.0 = Release|ARM
		{F6DA92E2-E535-4736-B3AF-33BECC7B8D00}.Release|x64.ActiveCfg = Release|x64
		{F6DA92E2-E535-4736-B3AF-33BECC7B8D00}.Release|x64.Build.0 = Release|x64
		{F6DA92E2-E535-4736-B3AF-33BECC7B8D00}.Release|x64.Deploy.0 = Release|x64
		{F6DA92E2-E535-4736-B3AF-33BECC7B8D00}.Release|x86.ActiveCfg = Release|x86
		{F6DA92E2-E535-4736-B3AF-33BECC7B8D00}.Release|x86.Build.0 = Release|x86
		{F6DA92E2-E535-4736-B3AF-33BECC7B8D00}.Release|x86.Deploy.0 = Release|x86
		{EC7AA493-6AB7-483B-877D-F6735E010906}.Debug|Any CPU.ActiveCfg = Debug|Any CPU
		{EC7AA493-6AB7-483B-877D-F6735E010906}.Debug|Any CPU.Build.0 = Debug|Any CPU
		{EC7AA493-6AB7-483B-877D-F6735E010906}.Debug|Any CPU.Deploy.0 = Debug|Any CPU
		{EC7AA493-6AB7-483B-877D-F6735E010906}.Debug|ARM.ActiveCfg = Debug|ARM
		{EC7AA493-6AB7-483B-877D-F6735E010906}.Debug|ARM.Build.0 = Debug|ARM
		{EC7AA493-6AB7-483B-877D-F6735E010906}.Debug|ARM.Deploy.0 = Debug|ARM
		{EC7AA493-6AB7-483B-877D-F6735E010906}.Debug|x64.ActiveCfg = Debug|x64
		{EC7AA493-6AB7-483B-877D-F6735E010906}.Debug|x64.Build.0 = Debug|x64
		{EC7AA493-6AB7-483B-877D-F6735E010906}.Debug|x64.Deploy.0 = Debug|x64
		{EC7AA493-6AB7-483B-877D-F6735E010906}.Debug|x86.ActiveCfg = Debug|x86
		{EC7AA493-6AB7-483B-877D-F6735E010906}.Debug|x86.Build.0 = Debug|x86
		{EC7AA493-6AB7-483B-877D-F6735E010906}.Debug|x86.Deploy.0 = Debug|x86
		{EC7AA493-6AB7-483B-877D-F6735E010906}.Release|Any CPU.ActiveCfg = Release|Any CPU
		{EC7AA493-6AB7-483B-877D-F6735E010906}.Release|Any CPU.Build.0 = Release|Any CPU
		{EC7AA493-6AB7-483B-877D-F6735E010906}.Release|Any CPU.Deploy.0 = Release|Any CPU
		{EC7AA493-6AB7-483B-877D-F6735E010906}.Release|ARM.ActiveCfg = Release|ARM
		{EC7AA493-6AB7-483B-877D-F6735E010906}.Release|ARM.Build.0 = Release|ARM
		{EC7AA493-6AB7-483B-877D-F6735E010906}.Release|ARM.Deploy.0 = Release|ARM
		{EC7AA493-6AB7-483B-877D-F6735E010906}.Release|x64.ActiveCfg = Release|x64
		{EC7AA493-6AB7-483B-877D-F6735E010906}.Release|x64.Build.0 = Release|x64
		{EC7AA493-6AB7-483B-877D-F6735E010906}.Release|x64.Deploy.0 = Release|x64
		{EC7AA493-6AB7-483B-877D-F6735E010906}.Release|x86.ActiveCfg = Release|x86
		{EC7AA493-6AB7-483B-877D-F6735E010906}.Release|x86.Build.0 = Release|x86
		{EC7AA493-6AB7-483B-877D-F6735E010906}.Release|x86.Deploy.0 = Release|x86
		{49AF148D-369E-4C1F-AF3A-C4D56EE39902}.Debug|Any CPU.ActiveCfg = Debug|Any CPU
		{49AF148D-369E-4C1F-AF3A-C4D56EE39902}.Debug|Any CPU.Build.0 = Debug|Any CPU
		{49AF148D-369E-4C1F-AF3A-C4D56EE39902}.Debug|Any CPU.Deploy.0 = Debug|Any CPU
		{49AF148D-369E-4C1F-AF3A-C4D56EE39902}.Debug|ARM.ActiveCfg = Debug|ARM
		{49AF148D-369E-4C1F-AF3A-C4D56EE39902}.Debug|ARM.Build.0 = Debug|ARM
		{49AF148D-369E-4C1F-AF3A-C4D56EE39902}.Debug|ARM.Deploy.0 = Debug|ARM
		{49AF148D-369E-4C1F-AF3A-C4D56EE39902}.Debug|x64.ActiveCfg = Debug|x64
		{49AF148D-369E-4C1F-AF3A-C4D56EE39902}.Debug|x64.Build.0 = Debug|x64
		{49AF148D-369E-4C1F-AF3A-C4D56EE39902}.Debug|x64.Deploy.0 = Debug|x64
		{49AF148D-369E-4C1F-AF3A-C4D56EE39902}.Debug|x86.ActiveCfg = Debug|x86
		{49AF148D-369E-4C1F-AF3A-C4D56EE39902}.Debug|x86.Build.0 = Debug|x86
		{49AF148D-369E-4C1F-AF3A-C4D56EE39902}.Debug|x86.Deploy.0 = Debug|x86
		{49AF148D-369E-4C1F-AF3A-C4D56EE39902}.Release|Any CPU.ActiveCfg = Release|Any CPU
		{49AF148D-369E-4C1F-AF3A-C4D56EE39902}.Release|Any CPU.Build.0 = Release|Any CPU
		{49AF148D-369E-4C1F-AF3A-C4D56EE39902}.Release|Any CPU.Deploy.0 = Release|Any CPU
		{49AF148D-369E-4C1F-AF3A-C4D56EE39902}.Release|ARM.ActiveCfg = Release|ARM
		{49AF148D-369E-4C1F-AF3A-C4D56EE39902}.Release|ARM.Build.0 = Release|ARM
		{49AF148D-369E-4C1F-AF3A-C4D56EE39902}.Release|ARM.Deploy.0 = Release|ARM
		{49AF148D-369E-4C1F-AF3A-C4D56EE39902}.Release|x64.ActiveCfg = Release|x64
		{49AF148D-369E-4C1F-AF3A-C4D56EE39902}.Release|x64.Build.0 = Release|x64
		{49AF148D-369E-4C1F-AF3A-C4D56EE39902}.Release|x64.Deploy.0 = Release|x64
		{49AF148D-369E-4C1F-AF3A-C4D56EE39902}.Release|x86.ActiveCfg = Release|x86
		{49AF148D-369E-4C1F-AF3A-C4D56EE39902}.Release|x86.Build.0 = Release|x86
		{49AF148D-369E-4C1F-AF3A-C4D56EE39902}.Release|x86.Deploy.0 = Release|x86
		{323B9F94-6438-47FB-BE13-64F463649BC7}.Debug|Any CPU.ActiveCfg = Debug|Any CPU
		{323B9F94-6438-47FB-BE13-64F463649BC7}.Debug|Any CPU.Build.0 = Debug|Any CPU
		{323B9F94-6438-47FB-BE13-64F463649BC7}.Debug|Any CPU.Deploy.0 = Debug|Any CPU
		{323B9F94-6438-47FB-BE13-64F463649BC7}.Debug|ARM.ActiveCfg = Debug|ARM
		{323B9F94-6438-47FB-BE13-64F463649BC7}.Debug|ARM.Build.0 = Debug|ARM
		{323B9F94-6438-47FB-BE13-64F463649BC7}.Debug|ARM.Deploy.0 = Debug|ARM
		{323B9F94-6438-47FB-BE13-64F463649BC7}.Debug|x64.ActiveCfg = Debug|x64
		{323B9F94-6438-47FB-BE13-64F463649BC7}.Debug|x64.Build.0 = Debug|x64
		{323B9F94-6438-47FB-BE13-64F463649BC7}.Debug|x64.Deploy.0 = Debug|x64
		{323B9F94-6438-47FB-BE13-64F463649BC7}.Debug|x86.ActiveCfg = Debug|x86
		{323B9F94-6438-47FB-BE13-64F463649BC7}.Debug|x86.Build.0 = Debug|x86
		{323B9F94-6438-47FB-BE13-64F463649BC7}.Debug|x86.Deploy.0 = Debug|x86
		{323B9F94-6438-47FB-BE13-64F463649BC7}.Release|Any CPU.ActiveCfg = Release|Any CPU
		{323B9F94-6438-47FB-BE13-64F463649BC7}.Release|Any CPU.Build.0 = Release|Any CPU
		{323B9F94-6438-47FB-BE13-64F463649BC7}.Release|Any CPU.Deploy.0 = Release|Any CPU
		{323B9F94-6438-47FB-BE13-64F463649BC7}.Release|ARM.ActiveCfg = Release|ARM
		{323B9F94-6438-47FB-BE13-64F463649BC7}.Release|ARM.Build.0 = Release|ARM
		{323B9F94-6438-47FB-BE13-64F463649BC7}.Release|ARM.Deploy.0 = Release|ARM
		{323B9F94-6438-47FB-BE13-64F463649BC7}.Release|x64.ActiveCfg = Release|x64
		{323B9F94-6438-47FB-BE13-64F463649BC7}.Release|x64.Build.0 = Release|x64
		{323B9F94-6438-47FB-BE13-64F463649BC7}.Release|x64.Deploy.0 = Release|x64
		{323B9F94-6438-47FB-BE13-64F463649BC7}.Release|x86.ActiveCfg = Release|x86
		{323B9F94-6438-47FB-BE13-64F463649BC7}.Release|x86.Build.0 = Release|x86
		{323B9F94-6438-47FB-BE13-64F463649BC7}.Release|x86.Deploy.0 = Release|x86
		{3DA794AF-A15A-4A54-86DF-26FB9FBF1813}.Debug|Any CPU.ActiveCfg = Debug|Any CPU
		{3DA794AF-A15A-4A54-86DF-26FB9FBF1813}.Debug|Any CPU.Build.0 = Debug|Any CPU
		{3DA794AF-A15A-4A54-86DF-26FB9FBF1813}.Debug|Any CPU.Deploy.0 = Debug|Any CPU
		{3DA794AF-A15A-4A54-86DF-26FB9FBF1813}.Debug|ARM.ActiveCfg = Debug|ARM
		{3DA794AF-A15A-4A54-86DF-26FB9FBF1813}.Debug|ARM.Build.0 = Debug|ARM
		{3DA794AF-A15A-4A54-86DF-26FB9FBF1813}.Debug|ARM.Deploy.0 = Debug|ARM
		{3DA794AF-A15A-4A54-86DF-26FB9FBF1813}.Debug|x64.ActiveCfg = Debug|x64
		{3DA794AF-A15A-4A54-86DF-26FB9FBF1813}.Debug|x64.Build.0 = Debug|x64
		{3DA794AF-A15A-4A54-86DF-26FB9FBF1813}.Debug|x64.Deploy.0 = Debug|x64
		{3DA794AF-A15A-4A54-86DF-26FB9FBF1813}.Debug|x86.ActiveCfg = Debug|x86
		{3DA794AF-A15A-4A54-86DF-26FB9FBF1813}.Debug|x86.Build.0 = Debug|x86
		{3DA794AF-A15A-4A54-86DF-26FB9FBF1813}.Debug|x86.Deploy.0 = Debug|x86
		{3DA794AF-A15A-4A54-86DF-26FB9FBF1813}.Release|Any CPU.ActiveCfg = Release|Any CPU
		{3DA794AF-A15A-4A54-86DF-26FB9FBF1813}.Release|Any CPU.Build.0 = Release|Any CPU
		{3DA794AF-A15A-4A54-86DF-26FB9FBF1813}.Release|Any CPU.Deploy.0 = Release|Any CPU
		{3DA794AF-A15A-4A54-86DF-26FB9FBF1813}.Release|ARM.ActiveCfg = Release|ARM
		{3DA794AF-A15A-4A54-86DF-26FB9FBF1813}.Release|ARM.Build.0 = Release|ARM
		{3DA794AF-A15A-4A54-86DF-26FB9FBF1813}.Release|ARM.Deploy.0 = Release|ARM
		{3DA794AF-A15A-4A54-86DF-26FB9FBF1813}.Release|x64.ActiveCfg = Release|x64
		{3DA794AF-A15A-4A54-86DF-26FB9FBF1813}.Release|x64.Build.0 = Release|x64
		{3DA794AF-A15A-4A54-86DF-26FB9FBF1813}.Release|x64.Deploy.0 = Release|x64
		{3DA794AF-A15A-4A54-86DF-26FB9FBF1813}.Release|x86.ActiveCfg = Release|x86
		{3DA794AF-A15A-4A54-86DF-26FB9FBF1813}.Release|x86.Build.0 = Release|x86
		{3DA794AF-A15A-4A54-86DF-26FB9FBF1813}.Release|x86.Deploy.0 = Release|x86
		{8A4100F3-3345-4FB2-8F1B-00A229A72E11}.Debug|Any CPU.ActiveCfg = Debug|Any CPU
		{8A4100F3-3345-4FB2-8F1B-00A229A72E11}.Debug|Any CPU.Build.0 = Debug|Any CPU
		{8A4100F3-3345-4FB2-8F1B-00A229A72E11}.Debug|Any CPU.Deploy.0 = Debug|Any CPU
		{8A4100F3-3345-4FB2-8F1B-00A229A72E11}.Debug|ARM.ActiveCfg = Debug|ARM
		{8A4100F3-3345-4FB2-8F1B-00A229A72E11}.Debug|ARM.Build.0 = Debug|ARM
		{8A4100F3-3345-4FB2-8F1B-00A229A72E11}.Debug|ARM.Deploy.0 = Debug|ARM
		{8A4100F3-3345-4FB2-8F1B-00A229A72E11}.Debug|x64.ActiveCfg = Debug|x64
		{8A4100F3-3345-4FB2-8F1B-00A229A72E11}.Debug|x64.Build.0 = Debug|x64
		{8A4100F3-3345-4FB2-8F1B-00A229A72E11}.Debug|x64.Deploy.0 = Debug|x64
		{8A4100F3-3345-4FB2-8F1B-00A229A72E11}.Debug|x86.ActiveCfg = Debug|x86
		{8A4100F3-3345-4FB2-8F1B-00A229A72E11}.Debug|x86.Build.0 = Debug|x86
		{8A4100F3-3345-4FB2-8F1B-00A229A72E11}.Debug|x86.Deploy.0 = Debug|x86
		{8A4100F3-3345-4FB2-8F1B-00A229A72E11}.Release|Any CPU.ActiveCfg = Release|Any CPU
		{8A4100F3-3345-4FB2-8F1B-00A229A72E11}.Release|Any CPU.Build.0 = Release|Any CPU
		{8A4100F3-3345-4FB2-8F1B-00A229A72E11}.Release|Any CPU.Deploy.0 = Release|Any CPU
		{8A4100F3-3345-4FB2-8F1B-00A229A72E11}.Release|ARM.ActiveCfg = Release|ARM
		{8A4100F3-3345-4FB2-8F1B-00A229A72E11}.Release|ARM.Build.0 = Release|ARM
		{8A4100F3-3345-4FB2-8F1B-00A229A72E11}.Release|ARM.Deploy.0 = Release|ARM
		{8A4100F3-3345-4FB2-8F1B-00A229A72E11}.Release|x64.ActiveCfg = Release|x64
		{8A4100F3-3345-4FB2-8F1B-00A229A72E11}.Release|x64.Build.0 = Release|x64
		{8A4100F3-3345-4FB2-8F1B-00A229A72E11}.Release|x64.Deploy.0 = Release|x64
		{8A4100F3-3345-4FB2-8F1B-00A229A72E11}.Release|x86.ActiveCfg = Release|x86
		{8A4100F3-3345-4FB2-8F1B-00A229A72E11}.Release|x86.Build.0 = Release|x86
		{8A4100F3-3345-4FB2-8F1B-00A229A72E11}.Release|x86.Deploy.0 = Release|x86
		{7408F8C4-014C-414B-9733-A65BF9A9E09D}.Debug|Any CPU.ActiveCfg = Debug|Any CPU
		{7408F8C4-014C-414B-9733-A65BF9A9E09D}.Debug|Any CPU.Build.0 = Debug|Any CPU
		{7408F8C4-014C-414B-9733-A65BF9A9E09D}.Debug|Any CPU.Deploy.0 = Debug|Any CPU
		{7408F8C4-014C-414B-9733-A65BF9A9E09D}.Debug|ARM.ActiveCfg = Debug|ARM
		{7408F8C4-014C-414B-9733-A65BF9A9E09D}.Debug|ARM.Build.0 = Debug|ARM
		{7408F8C4-014C-414B-9733-A65BF9A9E09D}.Debug|ARM.Deploy.0 = Debug|ARM
		{7408F8C4-014C-414B-9733-A65BF9A9E09D}.Debug|x64.ActiveCfg = Debug|x64
		{7408F8C4-014C-414B-9733-A65BF9A9E09D}.Debug|x64.Build.0 = Debug|x64
		{7408F8C4-014C-414B-9733-A65BF9A9E09D}.Debug|x64.Deploy.0 = Debug|x64
		{7408F8C4-014C-414B-9733-A65BF9A9E09D}.Debug|x86.ActiveCfg = Debug|x86
		{7408F8C4-014C-414B-9733-A65BF9A9E09D}.Debug|x86.Build.0 = Debug|x86
		{7408F8C4-014C-414B-9733-A65BF9A9E09D}.Debug|x86.Deploy.0 = Debug|x86
		{7408F8C4-014C-414B-9733-A65BF9A9E09D}.Release|Any CPU.ActiveCfg = Release|Any CPU
		{7408F8C4-014C-414B-9733-A65BF9A9E09D}.Release|Any CPU.Build.0 = Release|Any CPU
		{7408F8C4-014C-414B-9733-A65BF9A9E09D}.Release|Any CPU.Deploy.0 = Release|Any CPU
		{7408F8C4-014C-414B-9733-A65BF9A9E09D}.Release|ARM.ActiveCfg = Release|ARM
		{7408F8C4-014C-414B-9733-A65BF9A9E09D}.Release|ARM.Build.0 = Release|ARM
		{7408F8C4-014C-414B-9733-A65BF9A9E09D}.Release|ARM.Deploy.0 = Release|ARM
		{7408F8C4-014C-414B-9733-A65BF9A9E09D}.Release|x64.ActiveCfg = Release|x64
		{7408F8C4-014C-414B-9733-A65BF9A9E09D}.Release|x64.Build.0 = Release|x64
		{7408F8C4-014C-414B-9733-A65BF9A9E09D}.Release|x64.Deploy.0 = Release|x64
		{7408F8C4-014C-414B-9733-A65BF9A9E09D}.Release|x86.ActiveCfg = Release|x86
		{7408F8C4-014C-414B-9733-A65BF9A9E09D}.Release|x86.Build.0 = Release|x86
		{7408F8C4-014C-414B-9733-A65BF9A9E09D}.Release|x86.Deploy.0 = Release|x86
		{5A21D1A5-7327-4AD1-8AEA-FE7063168A16}.Debug|Any CPU.ActiveCfg = Debug|Any CPU
		{5A21D1A5-7327-4AD1-8AEA-FE7063168A16}.Debug|Any CPU.Build.0 = Debug|Any CPU
		{5A21D1A5-7327-4AD1-8AEA-FE7063168A16}.Debug|Any CPU.Deploy.0 = Debug|Any CPU
		{5A21D1A5-7327-4AD1-8AEA-FE7063168A16}.Debug|ARM.ActiveCfg = Debug|ARM
		{5A21D1A5-7327-4AD1-8AEA-FE7063168A16}.Debug|ARM.Build.0 = Debug|ARM
		{5A21D1A5-7327-4AD1-8AEA-FE7063168A16}.Debug|ARM.Deploy.0 = Debug|ARM
		{5A21D1A5-7327-4AD1-8AEA-FE7063168A16}.Debug|x64.ActiveCfg = Debug|x64
		{5A21D1A5-7327-4AD1-8AEA-FE7063168A16}.Debug|x64.Build.0 = Debug|x64
		{5A21D1A5-7327-4AD1-8AEA-FE7063168A16}.Debug|x64.Deploy.0 = Debug|x64
		{5A21D1A5-7327-4AD1-8AEA-FE7063168A16}.Debug|x86.ActiveCfg = Debug|x86
		{5A21D1A5-7327-4AD1-8AEA-FE7063168A16}.Debug|x86.Build.0 = Debug|x86
		{5A21D1A5-7327-4AD1-8AEA-FE7063168A16}.Debug|x86.Deploy.0 = Debug|x86
		{5A21D1A5-7327-4AD1-8AEA-FE7063168A16}.Release|Any CPU.ActiveCfg = Release|Any CPU
		{5A21D1A5-7327-4AD1-8AEA-FE7063168A16}.Release|Any CPU.Build.0 = Release|Any CPU
		{5A21D1A5-7327-4AD1-8AEA-FE7063168A16}.Release|Any CPU.Deploy.0 = Release|Any CPU
		{5A21D1A5-7327-4AD1-8AEA-FE7063168A16}.Release|ARM.ActiveCfg = Release|ARM
		{5A21D1A5-7327-4AD1-8AEA-FE7063168A16}.Release|ARM.Build.0 = Release|ARM
		{5A21D1A5-7327-4AD1-8AEA-FE7063168A16}.Release|ARM.Deploy.0 = Release|ARM
		{5A21D1A5-7327-4AD1-8AEA-FE7063168A16}.Release|x64.ActiveCfg = Release|x64
		{5A21D1A5-7327-4AD1-8AEA-FE7063168A16}.Release|x64.Build.0 = Release|x64
		{5A21D1A5-7327-4AD1-8AEA-FE7063168A16}.Release|x64.Deploy.0 = Release|x64
		{5A21D1A5-7327-4AD1-8AEA-FE7063168A16}.Release|x86.ActiveCfg = Release|x86
		{5A21D1A5-7327-4AD1-8AEA-FE7063168A16}.Release|x86.Build.0 = Release|x86
		{5A21D1A5-7327-4AD1-8AEA-FE7063168A16}.Release|x86.Deploy.0 = Release|x86
		{DFAA54D5-0F9C-46B6-B6EF-D2965977DEC9}.Debug|Any CPU.ActiveCfg = Debug|Any CPU
		{DFAA54D5-0F9C-46B6-B6EF-D2965977DEC9}.Debug|Any CPU.Build.0 = Debug|Any CPU
		{DFAA54D5-0F9C-46B6-B6EF-D2965977DEC9}.Debug|Any CPU.Deploy.0 = Debug|Any CPU
		{DFAA54D5-0F9C-46B6-B6EF-D2965977DEC9}.Debug|ARM.ActiveCfg = Debug|ARM
		{DFAA54D5-0F9C-46B6-B6EF-D2965977DEC9}.Debug|ARM.Build.0 = Debug|ARM
		{DFAA54D5-0F9C-46B6-B6EF-D2965977DEC9}.Debug|ARM.Deploy.0 = Debug|ARM
		{DFAA54D5-0F9C-46B6-B6EF-D2965977DEC9}.Debug|x64.ActiveCfg = Debug|x64
		{DFAA54D5-0F9C-46B6-B6EF-D2965977DEC9}.Debug|x64.Build.0 = Debug|x64
		{DFAA54D5-0F9C-46B6-B6EF-D2965977DEC9}.Debug|x64.Deploy.0 = Debug|x64
		{DFAA54D5-0F9C-46B6-B6EF-D2965977DEC9}.Debug|x86.ActiveCfg = Debug|x86
		{DFAA54D5-0F9C-46B6-B6EF-D2965977DEC9}.Debug|x86.Build.0 = Debug|x86
		{DFAA54D5-0F9C-46B6-B6EF-D2965977DEC9}.Debug|x86.Deploy.0 = Debug|x86
		{DFAA54D5-0F9C-46B6-B6EF-D2965977DEC9}.Release|Any CPU.ActiveCfg = Release|Any CPU
		{DFAA54D5-0F9C-46B6-B6EF-D2965977DEC9}.Release|Any CPU.Build.0 = Release|Any CPU
		{DFAA54D5-0F9C-46B6-B6EF-D2965977DEC9}.Release|Any CPU.Deploy.0 = Release|Any CPU
		{DFAA54D5-0F9C-46B6-B6EF-D2965977DEC9}.Release|ARM.ActiveCfg = Release|ARM
		{DFAA54D5-0F9C-46B6-B6EF-D2965977DEC9}.Release|ARM.Build.0 = Release|ARM
		{DFAA54D5-0F9C-46B6-B6EF-D2965977DEC9}.Release|ARM.Deploy.0 = Release|ARM
		{DFAA54D5-0F9C-46B6-B6EF-D2965977DEC9}.Release|x64.ActiveCfg = Release|x64
		{DFAA54D5-0F9C-46B6-B6EF-D2965977DEC9}.Release|x64.Build.0 = Release|x64
		{DFAA54D5-0F9C-46B6-B6EF-D2965977DEC9}.Release|x64.Deploy.0 = Release|x64
		{DFAA54D5-0F9C-46B6-B6EF-D2965977DEC9}.Release|x86.ActiveCfg = Release|x86
		{DFAA54D5-0F9C-46B6-B6EF-D2965977DEC9}.Release|x86.Build.0 = Release|x86
		{DFAA54D5-0F9C-46B6-B6EF-D2965977DEC9}.Release|x86.Deploy.0 = Release|x86
		{D586AB7C-621A-45F5-9D79-B503EBD3BAB3}.Debug|Any CPU.ActiveCfg = Debug|Any CPU
		{D586AB7C-621A-45F5-9D79-B503EBD3BAB3}.Debug|Any CPU.Build.0 = Debug|Any CPU
		{D586AB7C-621A-45F5-9D79-B503EBD3BAB3}.Debug|Any CPU.Deploy.0 = Debug|Any CPU
		{D586AB7C-621A-45F5-9D79-B503EBD3BAB3}.Debug|ARM.ActiveCfg = Debug|ARM
		{D586AB7C-621A-45F5-9D79-B503EBD3BAB3}.Debug|ARM.Build.0 = Debug|ARM
		{D586AB7C-621A-45F5-9D79-B503EBD3BAB3}.Debug|ARM.Deploy.0 = Debug|ARM
		{D586AB7C-621A-45F5-9D79-B503EBD3BAB3}.Debug|x64.ActiveCfg = Debug|x64
		{D586AB7C-621A-45F5-9D79-B503EBD3BAB3}.Debug|x64.Build.0 = Debug|x64
		{D586AB7C-621A-45F5-9D79-B503EBD3BAB3}.Debug|x64.Deploy.0 = Debug|x64
		{D586AB7C-621A-45F5-9D79-B503EBD3BAB3}.Debug|x86.ActiveCfg = Debug|x86
		{D586AB7C-621A-45F5-9D79-B503EBD3BAB3}.Debug|x86.Build.0 = Debug|x86
		{D586AB7C-621A-45F5-9D79-B503EBD3BAB3}.Debug|x86.Deploy.0 = Debug|x86
		{D586AB7C-621A-45F5-9D79-B503EBD3BAB3}.Release|Any CPU.ActiveCfg = Release|Any CPU
		{D586AB7C-621A-45F5-9D79-B503EBD3BAB3}.Release|Any CPU.Build.0 = Release|Any CPU
		{D586AB7C-621A-45F5-9D79-B503EBD3BAB3}.Release|Any CPU.Deploy.0 = Release|Any CPU
		{D586AB7C-621A-45F5-9D79-B503EBD3BAB3}.Release|ARM.ActiveCfg = Release|ARM
		{D586AB7C-621A-45F5-9D79-B503EBD3BAB3}.Release|ARM.Build.0 = Release|ARM
		{D586AB7C-621A-45F5-9D79-B503EBD3BAB3}.Release|ARM.Deploy.0 = Release|ARM
		{D586AB7C-621A-45F5-9D79-B503EBD3BAB3}.Release|x64.ActiveCfg = Release|x64
		{D586AB7C-621A-45F5-9D79-B503EBD3BAB3}.Release|x64.Build.0 = Release|x64
		{D586AB7C-621A-45F5-9D79-B503EBD3BAB3}.Release|x64.Deploy.0 = Release|x64
		{D586AB7C-621A-45F5-9D79-B503EBD3BAB3}.Release|x86.ActiveCfg = Release|x86
		{D586AB7C-621A-45F5-9D79-B503EBD3BAB3}.Release|x86.Build.0 = Release|x86
		{D586AB7C-621A-45F5-9D79-B503EBD3BAB3}.Release|x86.Deploy.0 = Release|x86
		{601884DD-467F-4847-8A77-B91DC0F73921}.Debug|Any CPU.ActiveCfg = Debug|Any CPU
		{601884DD-467F-4847-8A77-B91DC0F73921}.Debug|Any CPU.Build.0 = Debug|Any CPU
		{601884DD-467F-4847-8A77-B91DC0F73921}.Debug|Any CPU.Deploy.0 = Debug|Any CPU
		{601884DD-467F-4847-8A77-B91DC0F73921}.Debug|ARM.ActiveCfg = Debug|ARM
		{601884DD-467F-4847-8A77-B91DC0F73921}.Debug|ARM.Build.0 = Debug|ARM
		{601884DD-467F-4847-8A77-B91DC0F73921}.Debug|ARM.Deploy.0 = Debug|ARM
		{601884DD-467F-4847-8A77-B91DC0F73921}.Debug|x64.ActiveCfg = Debug|x64
		{601884DD-467F-4847-8A77-B91DC0F73921}.Debug|x64.Build.0 = Debug|x64
		{601884DD-467F-4847-8A77-B91DC0F73921}.Debug|x64.Deploy.0 = Debug|x64
		{601884DD-467F-4847-8A77-B91DC0F73921}.Debug|x86.ActiveCfg = Debug|x86
		{601884DD-467F-4847-8A77-B91DC0F73921}.Debug|x86.Build.0 = Debug|x86
		{601884DD-467F-4847-8A77-B91DC0F73921}.Debug|x86.Deploy.0 = Debug|x86
		{601884DD-467F-4847-8A77-B91DC0F73921}.Release|Any CPU.ActiveCfg = Release|Any CPU
		{601884DD-467F-4847-8A77-B91DC0F73921}.Release|Any CPU.Build.0 = Release|Any CPU
		{601884DD-467F-4847-8A77-B91DC0F73921}.Release|Any CPU.Deploy.0 = Release|Any CPU
		{601884DD-467F-4847-8A77-B91DC0F73921}.Release|ARM.ActiveCfg = Release|ARM
		{601884DD-467F-4847-8A77-B91DC0F73921}.Release|ARM.Build.0 = Release|ARM
		{601884DD-467F-4847-8A77-B91DC0F73921}.Release|ARM.Deploy.0 = Release|ARM
		{601884DD-467F-4847-8A77-B91DC0F73921}.Release|x64.ActiveCfg = Release|x64
		{601884DD-467F-4847-8A77-B91DC0F73921}.Release|x64.Build.0 = Release|x64
		{601884DD-467F-4847-8A77-B91DC0F73921}.Release|x64.Deploy.0 = Release|x64
		{601884DD-467F-4847-8A77-B91DC0F73921}.Release|x86.ActiveCfg = Release|x86
		{601884DD-467F-4847-8A77-B91DC0F73921}.Release|x86.Build.0 = Release|x86
		{601884DD-467F-4847-8A77-B91DC0F73921}.Release|x86.Deploy.0 = Release|x86
	EndGlobalSection
	GlobalSection(SolutionProperties) = preSolution
		HideSolutionNode = FALSE
	EndGlobalSection
EndGlobal
