
Microsoft Visual Studio Solution File, Format Version 12.00
# Visual Studio 2013
VisualStudioVersion = 12.0.30723.0
MinimumVisualStudioVersion = 10.0.40219.1
Project("{2150E333-8FDC-42A3-9474-1A3956D46DE8}") = "01. FileOpenPickers", "01. FileOpenPickers", "{44396513-7719-4343-9065-C1013749B8D7}"
EndProject
Project("{D954291E-2A0B-460D-934E-DC6B0785DB48}") = "FileOpenPickers.Shared", "FileOpenPickers\FileOpenPickers.Shared\FileOpenPickers.Shared.shproj", "{214DDAAA-CB0C-4F54-B7BB-24C2A78F8E68}"
EndProject
Project("{FAE04EC0-301F-11D3-BF4B-00C04F79EFBC}") = "FileOpenPickers.Windows", "FileOpenPickers\FileOpenPickers.Windows\FileOpenPickers.Windows.csproj", "{95F4C482-0996-4501-A49E-4FF9855CB0BA}"
EndProject
Project("{FAE04EC0-301F-11D3-BF4B-00C04F79EFBC}") = "FileOpenPickers.WindowsPhone", "FileOpenPickers\FileOpenPickers.WindowsPhone\FileOpenPickers.WindowsPhone.csproj", "{406F398C-EDE0-4E28-8B55-7220AC45E5AC}"
EndProject
Project("{2150E333-8FDC-42A3-9474-1A3956D46DE8}") = "02. FileSavePickers", "02. FileSavePickers", "{816B172A-E0D6-46C5-A1F9-23802A818C44}"
EndProject
Project("{D954291E-2A0B-460D-934E-DC6B0785DB48}") = "FileSavePickers.Shared", "FileSavePickers\FileSavePickers.Shared\FileSavePickers.Shared.shproj", "{0CDFBAF8-4A13-4A1B-929C-B2F4A04D47C0}"
EndProject
Project("{FAE04EC0-301F-11D3-BF4B-00C04F79EFBC}") = "FileSavePickers.Windows", "FileSavePickers\FileSavePickers.Windows\FileSavePickers.Windows.csproj", "{683038F1-92C3-421E-B151-E161ACCB1E18}"
EndProject
Project("{FAE04EC0-301F-11D3-BF4B-00C04F79EFBC}") = "FileSavePickers.WindowsPhone", "FileSavePickers\FileSavePickers.WindowsPhone\FileSavePickers.WindowsPhone.csproj", "{115CBDF0-EF37-4FC5-A18B-7BE03F250879}"
EndProject
Project("{2150E333-8FDC-42A3-9474-1A3956D46DE8}") = "04. FolderPickers", "04. FolderPickers", "{77A79B16-8360-4840-86DE-F94DAA3E5CDF}"
EndProject
Project("{D954291E-2A0B-460D-934E-DC6B0785DB48}") = "FolderPickers.Shared", "FolderPickers\FolderPickers.Shared\FolderPickers.Shared.shproj", "{6749EA23-AC10-4155-8F59-E98D926052F4}"
EndProject
Project("{FAE04EC0-301F-11D3-BF4B-00C04F79EFBC}") = "FolderPickers.Windows", "FolderPickers\FolderPickers.Windows\FolderPickers.Windows.csproj", "{761E05AB-7251-488B-B8D0-62D3A3B8816F}"
EndProject
Project("{FAE04EC0-301F-11D3-BF4B-00C04F79EFBC}") = "FolderPickers.WindowsPhone", "FolderPickers\FolderPickers.WindowsPhone\FolderPickers.WindowsPhone.csproj", "{F14A7318-084A-45AE-B701-16AA87688679}"
EndProject
Project("{2150E333-8FDC-42A3-9474-1A3956D46DE8}") = "03. ReadingAndWritingFiles", "03. ReadingAndWritingFiles", "{0883A471-34D3-4443-8B76-42D5BE9B27FC}"
EndProject
Project("{D954291E-2A0B-460D-934E-DC6B0785DB48}") = "ReadingAndWritingFiles.Shared", "ReadingAndWritingFiles\ReadingAndWritingFiles.Shared\ReadingAndWritingFiles.Shared.shproj", "{68EED15F-6333-476E-A948-3482BDCCBED7}"
EndProject
Project("{FAE04EC0-301F-11D3-BF4B-00C04F79EFBC}") = "ReadingAndWritingFiles.Windows", "ReadingAndWritingFiles\ReadingAndWritingFiles.Windows\ReadingAndWritingFiles.Windows.csproj", "{1C950AC3-2D77-4773-A5C7-8FA8C54A59CB}"
EndProject
Project("{FAE04EC0-301F-11D3-BF4B-00C04F79EFBC}") = "ReadingAndWritingFiles.WindowsPhone", "ReadingAndWritingFiles\ReadingAndWritingFiles.WindowsPhone\ReadingAndWritingFiles.WindowsPhone.csproj", "{9508915C-6B9F-4D1F-858A-902359F5B5C8}"
EndProject
Project("{2150E333-8FDC-42A3-9474-1A3956D46DE8}") = "05. FutureAccessListDemo", "05. FutureAccessListDemo", "{5AF67C76-7772-4853-AB7D-F13C11630DC0}"
EndProject
Project("{D954291E-2A0B-460D-934E-DC6B0785DB48}") = "FutureAccessListDemo.Shared", "FutureAccessListDemo\FutureAccessListDemo.Shared\FutureAccessListDemo.Shared.shproj", "{5C5901C5-7B1A-4B8D-BC92-34FF81982CEB}"
EndProject
Project("{FAE04EC0-301F-11D3-BF4B-00C04F79EFBC}") = "FutureAccessListDemo.Windows", "FutureAccessListDemo\FutureAccessListDemo.Windows\FutureAccessListDemo.Windows.csproj", "{29824FE8-871C-4FEA-8286-D7EF3AC4F939}"
EndProject
Project("{FAE04EC0-301F-11D3-BF4B-00C04F79EFBC}") = "FutureAccessListDemo.WindowsPhone", "FutureAccessListDemo\FutureAccessListDemo.WindowsPhone\FutureAccessListDemo.WindowsPhone.csproj", "{31CD7057-29C6-4A6F-AC6D-A77020AA1D08}"
EndProject
Project("{2150E333-8FDC-42A3-9474-1A3956D46DE8}") = "06. AccessingSDCard", "06. AccessingSDCard", "{94E6685C-120E-405F-AB94-4031BD17D377}"
EndProject
Project("{D954291E-2A0B-460D-934E-DC6B0785DB48}") = "AccessingSDCard.Shared", "AccessingSDCard\AccessingSDCard.Shared\AccessingSDCard.Shared.shproj", "{1D426592-6ECC-461B-ADC3-93BFA0F7BC13}"
EndProject
Project("{FAE04EC0-301F-11D3-BF4B-00C04F79EFBC}") = "AccessingSDCard.Windows", "AccessingSDCard\AccessingSDCard.Windows\AccessingSDCard.Windows.csproj", "{D1B09F90-864D-4458-9048-E86E3D4DD6FB}"
EndProject
Project("{FAE04EC0-301F-11D3-BF4B-00C04F79EFBC}") = "AccessingSDCard.WindowsPhone", "AccessingSDCard\AccessingSDCard.WindowsPhone\AccessingSDCard.WindowsPhone.csproj", "{A173D3DD-E432-481B-8CA3-B6402BD70520}"
EndProject
Project("{2150E333-8FDC-42A3-9474-1A3956D46DE8}") = "App1", "App1", "{62465B7D-F020-4E9F-85DE-F07BA58D0162}"
EndProject
Project("{D954291E-2A0B-460D-934E-DC6B0785DB48}") = "App1.Shared", "App1\App1.Shared\App1.Shared.shproj", "{50F97288-1762-4C25-BEC2-B5106F3A9705}"
EndProject
Project("{FAE04EC0-301F-11D3-BF4B-00C04F79EFBC}") = "App1.Windows", "App1\App1.Windows\App1.Windows.csproj", "{6E79D12A-0CA2-4AFE-8B9F-B4C3FF5F5948}"
EndProject
Project("{FAE04EC0-301F-11D3-BF4B-00C04F79EFBC}") = "App1.WindowsPhone", "App1\App1.WindowsPhone\App1.WindowsPhone.csproj", "{33799F05-5220-4DE1-81A0-EE59A96763B8}"
EndProject
Global
	GlobalSection(SharedMSBuildProjectFiles) = preSolution
		FileSavePickers\FileSavePickers.Shared\FileSavePickers.Shared.projitems*{115cbdf0-ef37-4fc5-a18b-7be03f250879}*SharedItemsImports = 4
		App1\App1.Shared\App1.Shared.projitems*{33799f05-5220-4de1-81a0-ee59a96763b8}*SharedItemsImports = 4
		ReadingAndWritingFiles\ReadingAndWritingFiles.Shared\ReadingAndWritingFiles.Shared.projitems*{1c950ac3-2d77-4773-a5c7-8fa8c54a59cb}*SharedItemsImports = 4
		FutureAccessListDemo\FutureAccessListDemo.Shared\FutureAccessListDemo.Shared.projitems*{31cd7057-29c6-4a6f-ac6d-a77020aa1d08}*SharedItemsImports = 4
		AccessingSDCard\AccessingSDCard.Shared\AccessingSDCard.Shared.projitems*{d1b09f90-864d-4458-9048-e86e3d4dd6fb}*SharedItemsImports = 4
		FileOpenPickers\FileOpenPickers.Shared\FileOpenPickers.Shared.projitems*{214ddaaa-cb0c-4f54-b7bb-24c2a78f8e68}*SharedItemsImports = 13
		FileOpenPickers\FileOpenPickers.Shared\FileOpenPickers.Shared.projitems*{95f4c482-0996-4501-a49e-4ff9855cb0ba}*SharedItemsImports = 4
		App1\App1.Shared\App1.Shared.projitems*{6e79d12a-0ca2-4afe-8b9f-b4c3ff5f5948}*SharedItemsImports = 4
		FileOpenPickers\FileOpenPickers.Shared\FileOpenPickers.Shared.projitems*{406f398c-ede0-4e28-8b55-7220ac45e5ac}*SharedItemsImports = 4
		AccessingSDCard\AccessingSDCard.Shared\AccessingSDCard.Shared.projitems*{1d426592-6ecc-461b-adc3-93bfa0f7bc13}*SharedItemsImports = 13
		FolderPickers\FolderPickers.Shared\FolderPickers.Shared.projitems*{f14a7318-084a-45ae-b701-16aa87688679}*SharedItemsImports = 4
		App1\App1.Shared\App1.Shared.projitems*{50f97288-1762-4c25-bec2-b5106f3a9705}*SharedItemsImports = 13
		AccessingSDCard\AccessingSDCard.Shared\AccessingSDCard.Shared.projitems*{a173d3dd-e432-481b-8ca3-b6402bd70520}*SharedItemsImports = 4
		FileSavePickers\FileSavePickers.Shared\FileSavePickers.Shared.projitems*{0cdfbaf8-4a13-4a1b-929c-b2f4a04d47c0}*SharedItemsImports = 13
		FutureAccessListDemo\FutureAccessListDemo.Shared\FutureAccessListDemo.Shared.projitems*{5c5901c5-7b1a-4b8d-bc92-34ff81982ceb}*SharedItemsImports = 13
		FileSavePickers\FileSavePickers.Shared\FileSavePickers.Shared.projitems*{683038f1-92c3-421e-b151-e161accb1e18}*SharedItemsImports = 4
		FolderPickers\FolderPickers.Shared\FolderPickers.Shared.projitems*{6749ea23-ac10-4155-8f59-e98d926052f4}*SharedItemsImports = 13
		ReadingAndWritingFiles\ReadingAndWritingFiles.Shared\ReadingAndWritingFiles.Shared.projitems*{68eed15f-6333-476e-a948-3482bdccbed7}*SharedItemsImports = 13
		FolderPickers\FolderPickers.Shared\FolderPickers.Shared.projitems*{761e05ab-7251-488b-b8d0-62d3a3b8816f}*SharedItemsImports = 4
		ReadingAndWritingFiles\ReadingAndWritingFiles.Shared\ReadingAndWritingFiles.Shared.projitems*{9508915c-6b9f-4d1f-858a-902359f5b5c8}*SharedItemsImports = 4
		FutureAccessListDemo\FutureAccessListDemo.Shared\FutureAccessListDemo.Shared.projitems*{29824fe8-871c-4fea-8286-d7ef3ac4f939}*SharedItemsImports = 4
	EndGlobalSection
	GlobalSection(SolutionConfigurationPlatforms) = preSolution
		Debug|Any CPU = Debug|Any CPU
		Debug|ARM = Debug|ARM
		Debug|x64 = Debug|x64
		Debug|x86 = Debug|x86
		Release|Any CPU = Release|Any CPU
		Release|ARM = Release|ARM
		Release|x64 = Release|x64
		Release|x86 = Release|x86
	EndGlobalSection
	GlobalSection(ProjectConfigurationPlatforms) = postSolution
		{95F4C482-0996-4501-A49E-4FF9855CB0BA}.Debug|Any CPU.ActiveCfg = Debug|Any CPU
		{95F4C482-0996-4501-A49E-4FF9855CB0BA}.Debug|Any CPU.Build.0 = Debug|Any CPU
		{95F4C482-0996-4501-A49E-4FF9855CB0BA}.Debug|Any CPU.Deploy.0 = Debug|Any CPU
		{95F4C482-0996-4501-A49E-4FF9855CB0BA}.Debug|ARM.ActiveCfg = Debug|ARM
		{95F4C482-0996-4501-A49E-4FF9855CB0BA}.Debug|ARM.Build.0 = Debug|ARM
		{95F4C482-0996-4501-A49E-4FF9855CB0BA}.Debug|ARM.Deploy.0 = Debug|ARM
		{95F4C482-0996-4501-A49E-4FF9855CB0BA}.Debug|x64.ActiveCfg = Debug|x64
		{95F4C482-0996-4501-A49E-4FF9855CB0BA}.Debug|x64.Build.0 = Debug|x64
		{95F4C482-0996-4501-A49E-4FF9855CB0BA}.Debug|x64.Deploy.0 = Debug|x64
		{95F4C482-0996-4501-A49E-4FF9855CB0BA}.Debug|x86.ActiveCfg = Debug|x86
		{95F4C482-0996-4501-A49E-4FF9855CB0BA}.Debug|x86.Build.0 = Debug|x86
		{95F4C482-0996-4501-A49E-4FF9855CB0BA}.Debug|x86.Deploy.0 = Debug|x86
		{95F4C482-0996-4501-A49E-4FF9855CB0BA}.Release|Any CPU.ActiveCfg = Release|Any CPU
		{95F4C482-0996-4501-A49E-4FF9855CB0BA}.Release|Any CPU.Build.0 = Release|Any CPU
		{95F4C482-0996-4501-A49E-4FF9855CB0BA}.Release|Any CPU.Deploy.0 = Release|Any CPU
		{95F4C482-0996-4501-A49E-4FF9855CB0BA}.Release|ARM.ActiveCfg = Release|ARM
		{95F4C482-0996-4501-A49E-4FF9855CB0BA}.Release|ARM.Build.0 = Release|ARM
		{95F4C482-0996-4501-A49E-4FF9855CB0BA}.Release|ARM.Deploy.0 = Release|ARM
		{95F4C482-0996-4501-A49E-4FF9855CB0BA}.Release|x64.ActiveCfg = Release|x64
		{95F4C482-0996-4501-A49E-4FF9855CB0BA}.Release|x64.Build.0 = Release|x64
		{95F4C482-0996-4501-A49E-4FF9855CB0BA}.Release|x64.Deploy.0 = Release|x64
		{95F4C482-0996-4501-A49E-4FF9855CB0BA}.Release|x86.ActiveCfg = Release|x86
		{95F4C482-0996-4501-A49E-4FF9855CB0BA}.Release|x86.Build.0 = Release|x86
		{95F4C482-0996-4501-A49E-4FF9855CB0BA}.Release|x86.Deploy.0 = Release|x86
		{406F398C-EDE0-4E28-8B55-7220AC45E5AC}.Debug|Any CPU.ActiveCfg = Debug|Any CPU
		{406F398C-EDE0-4E28-8B55-7220AC45E5AC}.Debug|Any CPU.Build.0 = Debug|Any CPU
		{406F398C-EDE0-4E28-8B55-7220AC45E5AC}.Debug|Any CPU.Deploy.0 = Debug|Any CPU
		{406F398C-EDE0-4E28-8B55-7220AC45E5AC}.Debug|ARM.ActiveCfg = Debug|ARM
		{406F398C-EDE0-4E28-8B55-7220AC45E5AC}.Debug|ARM.Build.0 = Debug|ARM
		{406F398C-EDE0-4E28-8B55-7220AC45E5AC}.Debug|ARM.Deploy.0 = Debug|ARM
		{406F398C-EDE0-4E28-8B55-7220AC45E5AC}.Debug|x64.ActiveCfg = Debug|Any CPU
		{406F398C-EDE0-4E28-8B55-7220AC45E5AC}.Debug|x86.ActiveCfg = Debug|x86
		{406F398C-EDE0-4E28-8B55-7220AC45E5AC}.Debug|x86.Build.0 = Debug|x86
		{406F398C-EDE0-4E28-8B55-7220AC45E5AC}.Debug|x86.Deploy.0 = Debug|x86
		{406F398C-EDE0-4E28-8B55-7220AC45E5AC}.Release|Any CPU.ActiveCfg = Release|Any CPU
		{406F398C-EDE0-4E28-8B55-7220AC45E5AC}.Release|Any CPU.Build.0 = Release|Any CPU
		{406F398C-EDE0-4E28-8B55-7220AC45E5AC}.Release|Any CPU.Deploy.0 = Release|Any CPU
		{406F398C-EDE0-4E28-8B55-7220AC45E5AC}.Release|ARM.ActiveCfg = Release|ARM
		{406F398C-EDE0-4E28-8B55-7220AC45E5AC}.Release|ARM.Build.0 = Release|ARM
		{406F398C-EDE0-4E28-8B55-7220AC45E5AC}.Release|ARM.Deploy.0 = Release|ARM
		{406F398C-EDE0-4E28-8B55-7220AC45E5AC}.Release|x64.ActiveCfg = Release|Any CPU
		{406F398C-EDE0-4E28-8B55-7220AC45E5AC}.Release|x86.ActiveCfg = Release|x86
		{406F398C-EDE0-4E28-8B55-7220AC45E5AC}.Release|x86.Build.0 = Release|x86
		{406F398C-EDE0-4E28-8B55-7220AC45E5AC}.Release|x86.Deploy.0 = Release|x86
		{683038F1-92C3-421E-B151-E161ACCB1E18}.Debug|Any CPU.ActiveCfg = Debug|Any CPU
		{683038F1-92C3-421E-B151-E161ACCB1E18}.Debug|Any CPU.Build.0 = Debug|Any CPU
		{683038F1-92C3-421E-B151-E161ACCB1E18}.Debug|Any CPU.Deploy.0 = Debug|Any CPU
		{683038F1-92C3-421E-B151-E161ACCB1E18}.Debug|ARM.ActiveCfg = Debug|ARM
		{683038F1-92C3-421E-B151-E161ACCB1E18}.Debug|ARM.Build.0 = Debug|ARM
		{683038F1-92C3-421E-B151-E161ACCB1E18}.Debug|ARM.Deploy.0 = Debug|ARM
		{683038F1-92C3-421E-B151-E161ACCB1E18}.Debug|x64.ActiveCfg = Debug|x64
		{683038F1-92C3-421E-B151-E161ACCB1E18}.Debug|x64.Build.0 = Debug|x64
		{683038F1-92C3-421E-B151-E161ACCB1E18}.Debug|x64.Deploy.0 = Debug|x64
		{683038F1-92C3-421E-B151-E161ACCB1E18}.Debug|x86.ActiveCfg = Debug|x86
		{683038F1-92C3-421E-B151-E161ACCB1E18}.Debug|x86.Build.0 = Debug|x86
		{683038F1-92C3-421E-B151-E161ACCB1E18}.Debug|x86.Deploy.0 = Debug|x86
		{683038F1-92C3-421E-B151-E161ACCB1E18}.Release|Any CPU.ActiveCfg = Release|Any CPU
		{683038F1-92C3-421E-B151-E161ACCB1E18}.Release|Any CPU.Build.0 = Release|Any CPU
		{683038F1-92C3-421E-B151-E161ACCB1E18}.Release|Any CPU.Deploy.0 = Release|Any CPU
		{683038F1-92C3-421E-B151-E161ACCB1E18}.Release|ARM.ActiveCfg = Release|ARM
		{683038F1-92C3-421E-B151-E161ACCB1E18}.Release|ARM.Build.0 = Release|ARM
		{683038F1-92C3-421E-B151-E161ACCB1E18}.Release|ARM.Deploy.0 = Release|ARM
		{683038F1-92C3-421E-B151-E161ACCB1E18}.Release|x64.ActiveCfg = Release|x64
		{683038F1-92C3-421E-B151-E161ACCB1E18}.Release|x64.Build.0 = Release|x64
		{683038F1-92C3-421E-B151-E161ACCB1E18}.Release|x64.Deploy.0 = Release|x64
		{683038F1-92C3-421E-B151-E161ACCB1E18}.Release|x86.ActiveCfg = Release|x86
		{683038F1-92C3-421E-B151-E161ACCB1E18}.Release|x86.Build.0 = Release|x86
		{683038F1-92C3-421E-B151-E161ACCB1E18}.Release|x86.Deploy.0 = Release|x86
		{115CBDF0-EF37-4FC5-A18B-7BE03F250879}.Debug|Any CPU.ActiveCfg = Debug|Any CPU
		{115CBDF0-EF37-4FC5-A18B-7BE03F250879}.Debug|Any CPU.Build.0 = Debug|Any CPU
		{115CBDF0-EF37-4FC5-A18B-7BE03F250879}.Debug|Any CPU.Deploy.0 = Debug|Any CPU
		{115CBDF0-EF37-4FC5-A18B-7BE03F250879}.Debug|ARM.ActiveCfg = Debug|ARM
		{115CBDF0-EF37-4FC5-A18B-7BE03F250879}.Debug|ARM.Build.0 = Debug|ARM
		{115CBDF0-EF37-4FC5-A18B-7BE03F250879}.Debug|ARM.Deploy.0 = Debug|ARM
		{115CBDF0-EF37-4FC5-A18B-7BE03F250879}.Debug|x64.ActiveCfg = Debug|Any CPU
		{115CBDF0-EF37-4FC5-A18B-7BE03F250879}.Debug|x86.ActiveCfg = Debug|x86
		{115CBDF0-EF37-4FC5-A18B-7BE03F250879}.Debug|x86.Build.0 = Debug|x86
		{115CBDF0-EF37-4FC5-A18B-7BE03F250879}.Debug|x86.Deploy.0 = Debug|x86
		{115CBDF0-EF37-4FC5-A18B-7BE03F250879}.Release|Any CPU.ActiveCfg = Release|Any CPU
		{115CBDF0-EF37-4FC5-A18B-7BE03F250879}.Release|Any CPU.Build.0 = Release|Any CPU
		{115CBDF0-EF37-4FC5-A18B-7BE03F250879}.Release|Any CPU.Deploy.0 = Release|Any CPU
		{115CBDF0-EF37-4FC5-A18B-7BE03F250879}.Release|ARM.ActiveCfg = Release|ARM
		{115CBDF0-EF37-4FC5-A18B-7BE03F250879}.Release|ARM.Build.0 = Release|ARM
		{115CBDF0-EF37-4FC5-A18B-7BE03F250879}.Release|ARM.Deploy.0 = Release|ARM
		{115CBDF0-EF37-4FC5-A18B-7BE03F250879}.Release|x64.ActiveCfg = Release|Any CPU
		{115CBDF0-EF37-4FC5-A18B-7BE03F250879}.Release|x86.ActiveCfg = Release|x86
		{115CBDF0-EF37-4FC5-A18B-7BE03F250879}.Release|x86.Build.0 = Release|x86
		{115CBDF0-EF37-4FC5-A18B-7BE03F250879}.Release|x86.Deploy.0 = Release|x86
		{761E05AB-7251-488B-B8D0-62D3A3B8816F}.Debug|Any CPU.ActiveCfg = Debug|Any CPU
		{761E05AB-7251-488B-B8D0-62D3A3B8816F}.Debug|Any CPU.Build.0 = Debug|Any CPU
		{761E05AB-7251-488B-B8D0-62D3A3B8816F}.Debug|Any CPU.Deploy.0 = Debug|Any CPU
		{761E05AB-7251-488B-B8D0-62D3A3B8816F}.Debug|ARM.ActiveCfg = Debug|ARM
		{761E05AB-7251-488B-B8D0-62D3A3B8816F}.Debug|ARM.Build.0 = Debug|ARM
		{761E05AB-7251-488B-B8D0-62D3A3B8816F}.Debug|ARM.Deploy.0 = Debug|ARM
		{761E05AB-7251-488B-B8D0-62D3A3B8816F}.Debug|x64.ActiveCfg = Debug|x64
		{761E05AB-7251-488B-B8D0-62D3A3B8816F}.Debug|x64.Build.0 = Debug|x64
		{761E05AB-7251-488B-B8D0-62D3A3B8816F}.Debug|x64.Deploy.0 = Debug|x64
		{761E05AB-7251-488B-B8D0-62D3A3B8816F}.Debug|x86.ActiveCfg = Debug|x86
		{761E05AB-7251-488B-B8D0-62D3A3B8816F}.Debug|x86.Build.0 = Debug|x86
		{761E05AB-7251-488B-B8D0-62D3A3B8816F}.Debug|x86.Deploy.0 = Debug|x86
		{761E05AB-7251-488B-B8D0-62D3A3B8816F}.Release|Any CPU.ActiveCfg = Release|Any CPU
		{761E05AB-7251-488B-B8D0-62D3A3B8816F}.Release|Any CPU.Build.0 = Release|Any CPU
		{761E05AB-7251-488B-B8D0-62D3A3B8816F}.Release|Any CPU.Deploy.0 = Release|Any CPU
		{761E05AB-7251-488B-B8D0-62D3A3B8816F}.Release|ARM.ActiveCfg = Release|ARM
		{761E05AB-7251-488B-B8D0-62D3A3B8816F}.Release|ARM.Build.0 = Release|ARM
		{761E05AB-7251-488B-B8D0-62D3A3B8816F}.Release|ARM.Deploy.0 = Release|ARM
		{761E05AB-7251-488B-B8D0-62D3A3B8816F}.Release|x64.ActiveCfg = Release|x64
		{761E05AB-7251-488B-B8D0-62D3A3B8816F}.Release|x64.Build.0 = Release|x64
		{761E05AB-7251-488B-B8D0-62D3A3B8816F}.Release|x64.Deploy.0 = Release|x64
		{761E05AB-7251-488B-B8D0-62D3A3B8816F}.Release|x86.ActiveCfg = Release|x86
		{761E05AB-7251-488B-B8D0-62D3A3B8816F}.Release|x86.Build.0 = Release|x86
		{761E05AB-7251-488B-B8D0-62D3A3B8816F}.Release|x86.Deploy.0 = Release|x86
		{F14A7318-084A-45AE-B701-16AA87688679}.Debug|Any CPU.ActiveCfg = Debug|Any CPU
		{F14A7318-084A-45AE-B701-16AA87688679}.Debug|Any CPU.Build.0 = Debug|Any CPU
		{F14A7318-084A-45AE-B701-16AA87688679}.Debug|Any CPU.Deploy.0 = Debug|Any CPU
		{F14A7318-084A-45AE-B701-16AA87688679}.Debug|ARM.ActiveCfg = Debug|ARM
		{F14A7318-084A-45AE-B701-16AA87688679}.Debug|ARM.Build.0 = Debug|ARM
		{F14A7318-084A-45AE-B701-16AA87688679}.Debug|ARM.Deploy.0 = Debug|ARM
		{F14A7318-084A-45AE-B701-16AA87688679}.Debug|x64.ActiveCfg = Debug|Any CPU
		{F14A7318-084A-45AE-B701-16AA87688679}.Debug|x86.ActiveCfg = Debug|x86
		{F14A7318-084A-45AE-B701-16AA87688679}.Debug|x86.Build.0 = Debug|x86
		{F14A7318-084A-45AE-B701-16AA87688679}.Debug|x86.Deploy.0 = Debug|x86
		{F14A7318-084A-45AE-B701-16AA87688679}.Release|Any CPU.ActiveCfg = Release|Any CPU
		{F14A7318-084A-45AE-B701-16AA87688679}.Release|Any CPU.Build.0 = Release|Any CPU
		{F14A7318-084A-45AE-B701-16AA87688679}.Release|Any CPU.Deploy.0 = Release|Any CPU
		{F14A7318-084A-45AE-B701-16AA87688679}.Release|ARM.ActiveCfg = Release|ARM
		{F14A7318-084A-45AE-B701-16AA87688679}.Release|ARM.Build.0 = Release|ARM
		{F14A7318-084A-45AE-B701-16AA87688679}.Release|ARM.Deploy.0 = Release|ARM
		{F14A7318-084A-45AE-B701-16AA87688679}.Release|x64.ActiveCfg = Release|Any CPU
		{F14A7318-084A-45AE-B701-16AA87688679}.Release|x86.ActiveCfg = Release|x86
		{F14A7318-084A-45AE-B701-16AA87688679}.Release|x86.Build.0 = Release|x86
		{F14A7318-084A-45AE-B701-16AA87688679}.Release|x86.Deploy.0 = Release|x86
		{1C950AC3-2D77-4773-A5C7-8FA8C54A59CB}.Debug|Any CPU.ActiveCfg = Debug|Any CPU
		{1C950AC3-2D77-4773-A5C7-8FA8C54A59CB}.Debug|Any CPU.Build.0 = Debug|Any CPU
		{1C950AC3-2D77-4773-A5C7-8FA8C54A59CB}.Debug|Any CPU.Deploy.0 = Debug|Any CPU
		{1C950AC3-2D77-4773-A5C7-8FA8C54A59CB}.Debug|ARM.ActiveCfg = Debug|ARM
		{1C950AC3-2D77-4773-A5C7-8FA8C54A59CB}.Debug|ARM.Build.0 = Debug|ARM
		{1C950AC3-2D77-4773-A5C7-8FA8C54A59CB}.Debug|ARM.Deploy.0 = Debug|ARM
		{1C950AC3-2D77-4773-A5C7-8FA8C54A59CB}.Debug|x64.ActiveCfg = Debug|x64
		{1C950AC3-2D77-4773-A5C7-8FA8C54A59CB}.Debug|x64.Build.0 = Debug|x64
		{1C950AC3-2D77-4773-A5C7-8FA8C54A59CB}.Debug|x64.Deploy.0 = Debug|x64
		{1C950AC3-2D77-4773-A5C7-8FA8C54A59CB}.Debug|x86.ActiveCfg = Debug|x86
		{1C950AC3-2D77-4773-A5C7-8FA8C54A59CB}.Debug|x86.Build.0 = Debug|x86
		{1C950AC3-2D77-4773-A5C7-8FA8C54A59CB}.Debug|x86.Deploy.0 = Debug|x86
		{1C950AC3-2D77-4773-A5C7-8FA8C54A59CB}.Release|Any CPU.ActiveCfg = Release|Any CPU
		{1C950AC3-2D77-4773-A5C7-8FA8C54A59CB}.Release|Any CPU.Build.0 = Release|Any CPU
		{1C950AC3-2D77-4773-A5C7-8FA8C54A59CB}.Release|Any CPU.Deploy.0 = Release|Any CPU
		{1C950AC3-2D77-4773-A5C7-8FA8C54A59CB}.Release|ARM.ActiveCfg = Release|ARM
		{1C950AC3-2D77-4773-A5C7-8FA8C54A59CB}.Release|ARM.Build.0 = Release|ARM
		{1C950AC3-2D77-4773-A5C7-8FA8C54A59CB}.Release|ARM.Deploy.0 = Release|ARM
		{1C950AC3-2D77-4773-A5C7-8FA8C54A59CB}.Release|x64.ActiveCfg = Release|x64
		{1C950AC3-2D77-4773-A5C7-8FA8C54A59CB}.Release|x64.Build.0 = Release|x64
		{1C950AC3-2D77-4773-A5C7-8FA8C54A59CB}.Release|x64.Deploy.0 = Release|x64
		{1C950AC3-2D77-4773-A5C7-8FA8C54A59CB}.Release|x86.ActiveCfg = Release|x86
		{1C950AC3-2D77-4773-A5C7-8FA8C54A59CB}.Release|x86.Build.0 = Release|x86
		{1C950AC3-2D77-4773-A5C7-8FA8C54A59CB}.Release|x86.Deploy.0 = Release|x86
		{9508915C-6B9F-4D1F-858A-902359F5B5C8}.Debug|Any CPU.ActiveCfg = Debug|Any CPU
		{9508915C-6B9F-4D1F-858A-902359F5B5C8}.Debug|Any CPU.Build.0 = Debug|Any CPU
		{9508915C-6B9F-4D1F-858A-902359F5B5C8}.Debug|Any CPU.Deploy.0 = Debug|Any CPU
		{9508915C-6B9F-4D1F-858A-902359F5B5C8}.Debug|ARM.ActiveCfg = Debug|ARM
		{9508915C-6B9F-4D1F-858A-902359F5B5C8}.Debug|ARM.Build.0 = Debug|ARM
		{9508915C-6B9F-4D1F-858A-902359F5B5C8}.Debug|ARM.Deploy.0 = Debug|ARM
		{9508915C-6B9F-4D1F-858A-902359F5B5C8}.Debug|x64.ActiveCfg = Debug|Any CPU
		{9508915C-6B9F-4D1F-858A-902359F5B5C8}.Debug|x86.ActiveCfg = Debug|x86
		{9508915C-6B9F-4D1F-858A-902359F5B5C8}.Debug|x86.Build.0 = Debug|x86
		{9508915C-6B9F-4D1F-858A-902359F5B5C8}.Debug|x86.Deploy.0 = Debug|x86
		{9508915C-6B9F-4D1F-858A-902359F5B5C8}.Release|Any CPU.ActiveCfg = Release|Any CPU
		{9508915C-6B9F-4D1F-858A-902359F5B5C8}.Release|Any CPU.Build.0 = Release|Any CPU
		{9508915C-6B9F-4D1F-858A-902359F5B5C8}.Release|Any CPU.Deploy.0 = Release|Any CPU
		{9508915C-6B9F-4D1F-858A-902359F5B5C8}.Release|ARM.ActiveCfg = Release|ARM
		{9508915C-6B9F-4D1F-858A-902359F5B5C8}.Release|ARM.Build.0 = Release|ARM
		{9508915C-6B9F-4D1F-858A-902359F5B5C8}.Release|ARM.Deploy.0 = Release|ARM
		{9508915C-6B9F-4D1F-858A-902359F5B5C8}.Release|x64.ActiveCfg = Release|Any CPU
		{9508915C-6B9F-4D1F-858A-902359F5B5C8}.Release|x86.ActiveCfg = Release|x86
		{9508915C-6B9F-4D1F-858A-902359F5B5C8}.Release|x86.Build.0 = Release|x86
		{9508915C-6B9F-4D1F-858A-902359F5B5C8}.Release|x86.Deploy.0 = Release|x86
		{29824FE8-871C-4FEA-8286-D7EF3AC4F939}.Debug|Any CPU.ActiveCfg = Debug|Any CPU
		{29824FE8-871C-4FEA-8286-D7EF3AC4F939}.Debug|Any CPU.Build.0 = Debug|Any CPU
		{29824FE8-871C-4FEA-8286-D7EF3AC4F939}.Debug|Any CPU.Deploy.0 = Debug|Any CPU
		{29824FE8-871C-4FEA-8286-D7EF3AC4F939}.Debug|ARM.ActiveCfg = Debug|ARM
		{29824FE8-871C-4FEA-8286-D7EF3AC4F939}.Debug|ARM.Build.0 = Debug|ARM
		{29824FE8-871C-4FEA-8286-D7EF3AC4F939}.Debug|ARM.Deploy.0 = Debug|ARM
		{29824FE8-871C-4FEA-8286-D7EF3AC4F939}.Debug|x64.ActiveCfg = Debug|x64
		{29824FE8-871C-4FEA-8286-D7EF3AC4F939}.Debug|x64.Build.0 = Debug|x64
		{29824FE8-871C-4FEA-8286-D7EF3AC4F939}.Debug|x64.Deploy.0 = Debug|x64
		{29824FE8-871C-4FEA-8286-D7EF3AC4F939}.Debug|x86.ActiveCfg = Debug|x86
		{29824FE8-871C-4FEA-8286-D7EF3AC4F939}.Debug|x86.Build.0 = Debug|x86
		{29824FE8-871C-4FEA-8286-D7EF3AC4F939}.Debug|x86.Deploy.0 = Debug|x86
		{29824FE8-871C-4FEA-8286-D7EF3AC4F939}.Release|Any CPU.ActiveCfg = Release|Any CPU
		{29824FE8-871C-4FEA-8286-D7EF3AC4F939}.Release|Any CPU.Build.0 = Release|Any CPU
		{29824FE8-871C-4FEA-8286-D7EF3AC4F939}.Release|Any CPU.Deploy.0 = Release|Any CPU
		{29824FE8-871C-4FEA-8286-D7EF3AC4F939}.Release|ARM.ActiveCfg = Release|ARM
		{29824FE8-871C-4FEA-8286-D7EF3AC4F939}.Release|ARM.Build.0 = Release|ARM
		{29824FE8-871C-4FEA-8286-D7EF3AC4F939}.Release|ARM.Deploy.0 = Release|ARM
		{29824FE8-871C-4FEA-8286-D7EF3AC4F939}.Release|x64.ActiveCfg = Release|x64
		{29824FE8-871C-4FEA-8286-D7EF3AC4F939}.Release|x64.Build.0 = Release|x64
		{29824FE8-871C-4FEA-8286-D7EF3AC4F939}.Release|x64.Deploy.0 = Release|x64
		{29824FE8-871C-4FEA-8286-D7EF3AC4F939}.Release|x86.ActiveCfg = Release|x86
		{29824FE8-871C-4FEA-8286-D7EF3AC4F939}.Release|x86.Build.0 = Release|x86
		{29824FE8-871C-4FEA-8286-D7EF3AC4F939}.Release|x86.Deploy.0 = Release|x86
		{31CD7057-29C6-4A6F-AC6D-A77020AA1D08}.Debug|Any CPU.ActiveCfg = Debug|Any CPU
		{31CD7057-29C6-4A6F-AC6D-A77020AA1D08}.Debug|Any CPU.Build.0 = Debug|Any CPU
		{31CD7057-29C6-4A6F-AC6D-A77020AA1D08}.Debug|Any CPU.Deploy.0 = Debug|Any CPU
		{31CD7057-29C6-4A6F-AC6D-A77020AA1D08}.Debug|ARM.ActiveCfg = Debug|ARM
		{31CD7057-29C6-4A6F-AC6D-A77020AA1D08}.Debug|ARM.Build.0 = Debug|ARM
		{31CD7057-29C6-4A6F-AC6D-A77020AA1D08}.Debug|ARM.Deploy.0 = Debug|ARM
		{31CD7057-29C6-4A6F-AC6D-A77020AA1D08}.Debug|x64.ActiveCfg = Debug|Any CPU
		{31CD7057-29C6-4A6F-AC6D-A77020AA1D08}.Debug|x86.ActiveCfg = Debug|x86
		{31CD7057-29C6-4A6F-AC6D-A77020AA1D08}.Debug|x86.Build.0 = Debug|x86
		{31CD7057-29C6-4A6F-AC6D-A77020AA1D08}.Debug|x86.Deploy.0 = Debug|x86
		{31CD7057-29C6-4A6F-AC6D-A77020AA1D08}.Release|Any CPU.ActiveCfg = Release|Any CPU
		{31CD7057-29C6-4A6F-AC6D-A77020AA1D08}.Release|Any CPU.Build.0 = Release|Any CPU
		{31CD7057-29C6-4A6F-AC6D-A77020AA1D08}.Release|Any CPU.Deploy.0 = Release|Any CPU
		{31CD7057-29C6-4A6F-AC6D-A77020AA1D08}.Release|ARM.ActiveCfg = Release|ARM
		{31CD7057-29C6-4A6F-AC6D-A77020AA1D08}.Release|ARM.Build.0 = Release|ARM
		{31CD7057-29C6-4A6F-AC6D-A77020AA1D08}.Release|ARM.Deploy.0 = Release|ARM
		{31CD7057-29C6-4A6F-AC6D-A77020AA1D08}.Release|x64.ActiveCfg = Release|Any CPU
		{31CD7057-29C6-4A6F-AC6D-A77020AA1D08}.Release|x86.ActiveCfg = Release|x86
		{31CD7057-29C6-4A6F-AC6D-A77020AA1D08}.Release|x86.Build.0 = Release|x86
		{31CD7057-29C6-4A6F-AC6D-A77020AA1D08}.Release|x86.Deploy.0 = Release|x86
		{D1B09F90-864D-4458-9048-E86E3D4DD6FB}.Debug|Any CPU.ActiveCfg = Debug|Any CPU
		{D1B09F90-864D-4458-9048-E86E3D4DD6FB}.Debug|Any CPU.Build.0 = Debug|Any CPU
		{D1B09F90-864D-4458-9048-E86E3D4DD6FB}.Debug|Any CPU.Deploy.0 = Debug|Any CPU
		{D1B09F90-864D-4458-9048-E86E3D4DD6FB}.Debug|ARM.ActiveCfg = Debug|ARM
		{D1B09F90-864D-4458-9048-E86E3D4DD6FB}.Debug|ARM.Build.0 = Debug|ARM
		{D1B09F90-864D-4458-9048-E86E3D4DD6FB}.Debug|ARM.Deploy.0 = Debug|ARM
		{D1B09F90-864D-4458-9048-E86E3D4DD6FB}.Debug|x64.ActiveCfg = Debug|x64
		{D1B09F90-864D-4458-9048-E86E3D4DD6FB}.Debug|x64.Build.0 = Debug|x64
		{D1B09F90-864D-4458-9048-E86E3D4DD6FB}.Debug|x64.Deploy.0 = Debug|x64
		{D1B09F90-864D-4458-9048-E86E3D4DD6FB}.Debug|x86.ActiveCfg = Debug|x86
		{D1B09F90-864D-4458-9048-E86E3D4DD6FB}.Debug|x86.Build.0 = Debug|x86
		{D1B09F90-864D-4458-9048-E86E3D4DD6FB}.Debug|x86.Deploy.0 = Debug|x86
		{D1B09F90-864D-4458-9048-E86E3D4DD6FB}.Release|Any CPU.ActiveCfg = Release|Any CPU
		{D1B09F90-864D-4458-9048-E86E3D4DD6FB}.Release|Any CPU.Build.0 = Release|Any CPU
		{D1B09F90-864D-4458-9048-E86E3D4DD6FB}.Release|Any CPU.Deploy.0 = Release|Any CPU
		{D1B09F90-864D-4458-9048-E86E3D4DD6FB}.Release|ARM.ActiveCfg = Release|ARM
		{D1B09F90-864D-4458-9048-E86E3D4DD6FB}.Release|ARM.Build.0 = Release|ARM
		{D1B09F90-864D-4458-9048-E86E3D4DD6FB}.Release|ARM.Deploy.0 = Release|ARM
		{D1B09F90-864D-4458-9048-E86E3D4DD6FB}.Release|x64.ActiveCfg = Release|x64
		{D1B09F90-864D-4458-9048-E86E3D4DD6FB}.Release|x64.Build.0 = Release|x64
		{D1B09F90-864D-4458-9048-E86E3D4DD6FB}.Release|x64.Deploy.0 = Release|x64
		{D1B09F90-864D-4458-9048-E86E3D4DD6FB}.Release|x86.ActiveCfg = Release|x86
		{D1B09F90-864D-4458-9048-E86E3D4DD6FB}.Release|x86.Build.0 = Release|x86
		{D1B09F90-864D-4458-9048-E86E3D4DD6FB}.Release|x86.Deploy.0 = Release|x86
		{A173D3DD-E432-481B-8CA3-B6402BD70520}.Debug|Any CPU.ActiveCfg = Debug|Any CPU
		{A173D3DD-E432-481B-8CA3-B6402BD70520}.Debug|Any CPU.Build.0 = Debug|Any CPU
		{A173D3DD-E432-481B-8CA3-B6402BD70520}.Debug|Any CPU.Deploy.0 = Debug|Any CPU
		{A173D3DD-E432-481B-8CA3-B6402BD70520}.Debug|ARM.ActiveCfg = Debug|ARM
		{A173D3DD-E432-481B-8CA3-B6402BD70520}.Debug|ARM.Build.0 = Debug|ARM
		{A173D3DD-E432-481B-8CA3-B6402BD70520}.Debug|ARM.Deploy.0 = Debug|ARM
		{A173D3DD-E432-481B-8CA3-B6402BD70520}.Debug|x64.ActiveCfg = Debug|Any CPU
		{A173D3DD-E432-481B-8CA3-B6402BD70520}.Debug|x86.ActiveCfg = Debug|x86
		{A173D3DD-E432-481B-8CA3-B6402BD70520}.Debug|x86.Build.0 = Debug|x86
		{A173D3DD-E432-481B-8CA3-B6402BD70520}.Debug|x86.Deploy.0 = Debug|x86
		{A173D3DD-E432-481B-8CA3-B6402BD70520}.Release|Any CPU.ActiveCfg = Release|Any CPU
		{A173D3DD-E432-481B-8CA3-B6402BD70520}.Release|Any CPU.Build.0 = Release|Any CPU
		{A173D3DD-E432-481B-8CA3-B6402BD70520}.Release|Any CPU.Deploy.0 = Release|Any CPU
		{A173D3DD-E432-481B-8CA3-B6402BD70520}.Release|ARM.ActiveCfg = Release|ARM
		{A173D3DD-E432-481B-8CA3-B6402BD70520}.Release|ARM.Build.0 = Release|ARM
		{A173D3DD-E432-481B-8CA3-B6402BD70520}.Release|ARM.Deploy.0 = Release|ARM
		{A173D3DD-E432-481B-8CA3-B6402BD70520}.Release|x64.ActiveCfg = Release|Any CPU
		{A173D3DD-E432-481B-8CA3-B6402BD70520}.Release|x86.ActiveCfg = Release|x86
		{A173D3DD-E432-481B-8CA3-B6402BD70520}.Release|x86.Build.0 = Release|x86
		{A173D3DD-E432-481B-8CA3-B6402BD70520}.Release|x86.Deploy.0 = Release|x86
		{6E79D12A-0CA2-4AFE-8B9F-B4C3FF5F5948}.Debug|Any CPU.ActiveCfg = Debug|Any CPU
		{6E79D12A-0CA2-4AFE-8B9F-B4C3FF5F5948}.Debug|Any CPU.Build.0 = Debug|Any CPU
		{6E79D12A-0CA2-4AFE-8B9F-B4C3FF5F5948}.Debug|Any CPU.Deploy.0 = Debug|Any CPU
		{6E79D12A-0CA2-4AFE-8B9F-B4C3FF5F5948}.Debug|ARM.ActiveCfg = Debug|ARM
		{6E79D12A-0CA2-4AFE-8B9F-B4C3FF5F5948}.Debug|ARM.Build.0 = Debug|ARM
		{6E79D12A-0CA2-4AFE-8B9F-B4C3FF5F5948}.Debug|ARM.Deploy.0 = Debug|ARM
		{6E79D12A-0CA2-4AFE-8B9F-B4C3FF5F5948}.Debug|x64.ActiveCfg = Debug|x64
		{6E79D12A-0CA2-4AFE-8B9F-B4C3FF5F5948}.Debug|x64.Build.0 = Debug|x64
		{6E79D12A-0CA2-4AFE-8B9F-B4C3FF5F5948}.Debug|x64.Deploy.0 = Debug|x64
		{6E79D12A-0CA2-4AFE-8B9F-B4C3FF5F5948}.Debug|x86.ActiveCfg = Debug|x86
		{6E79D12A-0CA2-4AFE-8B9F-B4C3FF5F5948}.Debug|x86.Build.0 = Debug|x86
		{6E79D12A-0CA2-4AFE-8B9F-B4C3FF5F5948}.Debug|x86.Deploy.0 = Debug|x86
		{6E79D12A-0CA2-4AFE-8B9F-B4C3FF5F5948}.Release|Any CPU.ActiveCfg = Release|Any CPU
		{6E79D12A-0CA2-4AFE-8B9F-B4C3FF5F5948}.Release|Any CPU.Build.0 = Release|Any CPU
		{6E79D12A-0CA2-4AFE-8B9F-B4C3FF5F5948}.Release|Any CPU.Deploy.0 = Release|Any CPU
		{6E79D12A-0CA2-4AFE-8B9F-B4C3FF5F5948}.Release|ARM.ActiveCfg = Release|ARM
		{6E79D12A-0CA2-4AFE-8B9F-B4C3FF5F5948}.Release|ARM.Build.0 = Release|ARM
		{6E79D12A-0CA2-4AFE-8B9F-B4C3FF5F5948}.Release|ARM.Deploy.0 = Release|ARM
		{6E79D12A-0CA2-4AFE-8B9F-B4C3FF5F5948}.Release|x64.ActiveCfg = Release|x64
		{6E79D12A-0CA2-4AFE-8B9F-B4C3FF5F5948}.Release|x64.Build.0 = Release|x64
		{6E79D12A-0CA2-4AFE-8B9F-B4C3FF5F5948}.Release|x64.Deploy.0 = Release|x64
		{6E79D12A-0CA2-4AFE-8B9F-B4C3FF5F5948}.Release|x86.ActiveCfg = Release|x86
		{6E79D12A-0CA2-4AFE-8B9F-B4C3FF5F5948}.Release|x86.Build.0 = Release|x86
		{6E79D12A-0CA2-4AFE-8B9F-B4C3FF5F5948}.Release|x86.Deploy.0 = Release|x86
		{33799F05-5220-4DE1-81A0-EE59A96763B8}.Debug|Any CPU.ActiveCfg = Debug|Any CPU
		{33799F05-5220-4DE1-81A0-EE59A96763B8}.Debug|Any CPU.Build.0 = Debug|Any CPU
		{33799F05-5220-4DE1-81A0-EE59A96763B8}.Debug|Any CPU.Deploy.0 = Debug|Any CPU
		{33799F05-5220-4DE1-81A0-EE59A96763B8}.Debug|ARM.ActiveCfg = Debug|ARM
		{33799F05-5220-4DE1-81A0-EE59A96763B8}.Debug|ARM.Build.0 = Debug|ARM
		{33799F05-5220-4DE1-81A0-EE59A96763B8}.Debug|ARM.Deploy.0 = Debug|ARM
		{33799F05-5220-4DE1-81A0-EE59A96763B8}.Debug|x64.ActiveCfg = Debug|Any CPU
		{33799F05-5220-4DE1-81A0-EE59A96763B8}.Debug|x86.ActiveCfg = Debug|x86
		{33799F05-5220-4DE1-81A0-EE59A96763B8}.Debug|x86.Build.0 = Debug|x86
		{33799F05-5220-4DE1-81A0-EE59A96763B8}.Debug|x86.Deploy.0 = Debug|x86
		{33799F05-5220-4DE1-81A0-EE59A96763B8}.Release|Any CPU.ActiveCfg = Release|Any CPU
		{33799F05-5220-4DE1-81A0-EE59A96763B8}.Release|Any CPU.Build.0 = Release|Any CPU
		{33799F05-5220-4DE1-81A0-EE59A96763B8}.Release|Any CPU.Deploy.0 = Release|Any CPU
		{33799F05-5220-4DE1-81A0-EE59A96763B8}.Release|ARM.ActiveCfg = Release|ARM
		{33799F05-5220-4DE1-81A0-EE59A96763B8}.Release|ARM.Build.0 = Release|ARM
		{33799F05-5220-4DE1-81A0-EE59A96763B8}.Release|ARM.Deploy.0 = Release|ARM
		{33799F05-5220-4DE1-81A0-EE59A96763B8}.Release|x64.ActiveCfg = Release|Any CPU
		{33799F05-5220-4DE1-81A0-EE59A96763B8}.Release|x86.ActiveCfg = Release|x86
		{33799F05-5220-4DE1-81A0-EE59A96763B8}.Release|x86.Build.0 = Release|x86
		{33799F05-5220-4DE1-81A0-EE59A96763B8}.Release|x86.Deploy.0 = Release|x86
	EndGlobalSection
	GlobalSection(SolutionProperties) = preSolution
		HideSolutionNode = FALSE
	EndGlobalSection
	GlobalSection(NestedProjects) = preSolution
		{214DDAAA-CB0C-4F54-B7BB-24C2A78F8E68} = {44396513-7719-4343-9065-C1013749B8D7}
		{95F4C482-0996-4501-A49E-4FF9855CB0BA} = {44396513-7719-4343-9065-C1013749B8D7}
		{406F398C-EDE0-4E28-8B55-7220AC45E5AC} = {44396513-7719-4343-9065-C1013749B8D7}
		{0CDFBAF8-4A13-4A1B-929C-B2F4A04D47C0} = {816B172A-E0D6-46C5-A1F9-23802A818C44}
		{683038F1-92C3-421E-B151-E161ACCB1E18} = {816B172A-E0D6-46C5-A1F9-23802A818C44}
		{115CBDF0-EF37-4FC5-A18B-7BE03F250879} = {816B172A-E0D6-46C5-A1F9-23802A818C44}
		{6749EA23-AC10-4155-8F59-E98D926052F4} = {77A79B16-8360-4840-86DE-F94DAA3E5CDF}
		{761E05AB-7251-488B-B8D0-62D3A3B8816F} = {77A79B16-8360-4840-86DE-F94DAA3E5CDF}
		{F14A7318-084A-45AE-B701-16AA87688679} = {77A79B16-8360-4840-86DE-F94DAA3E5CDF}
		{68EED15F-6333-476E-A948-3482BDCCBED7} = {0883A471-34D3-4443-8B76-42D5BE9B27FC}
		{1C950AC3-2D77-4773-A5C7-8FA8C54A59CB} = {0883A471-34D3-4443-8B76-42D5BE9B27FC}
		{9508915C-6B9F-4D1F-858A-902359F5B5C8} = {0883A471-34D3-4443-8B76-42D5BE9B27FC}
		{5C5901C5-7B1A-4B8D-BC92-34FF81982CEB} = {5AF67C76-7772-4853-AB7D-F13C11630DC0}
		{29824FE8-871C-4FEA-8286-D7EF3AC4F939} = {5AF67C76-7772-4853-AB7D-F13C11630DC0}
		{31CD7057-29C6-4A6F-AC6D-A77020AA1D08} = {5AF67C76-7772-4853-AB7D-F13C11630DC0}
		{1D426592-6ECC-461B-ADC3-93BFA0F7BC13} = {94E6685C-120E-405F-AB94-4031BD17D377}
		{D1B09F90-864D-4458-9048-E86E3D4DD6FB} = {94E6685C-120E-405F-AB94-4031BD17D377}
		{A173D3DD-E432-481B-8CA3-B6402BD70520} = {94E6685C-120E-405F-AB94-4031BD17D377}
		{50F97288-1762-4C25-BEC2-B5106F3A9705} = {62465B7D-F020-4E9F-85DE-F07BA58D0162}
		{6E79D12A-0CA2-4AFE-8B9F-B4C3FF5F5948} = {62465B7D-F020-4E9F-85DE-F07BA58D0162}
		{33799F05-5220-4DE1-81A0-EE59A96763B8} = {62465B7D-F020-4E9F-85DE-F07BA58D0162}
	EndGlobalSection
EndGlobal
